Microsoft Visual Studio Solution File, Format Version 8.00
Project("{F184B08F-C81C-45F6-A57F-5ABD9991F28F}") = "IncrementBuildNumber", "IncrementBuildNumber\IncrementBuildNumber.vbproj", "{514AA05B-2005-4A27-8F97-412EF5756012}"
	ProjectSection(ProjectDependencies) = postProject
	EndProjectSection
EndProject
Project("{F184B08F-C81C-45F6-A57F-5ABD9991F28F}") = "ReplaceInFiles", "ReplaceInFiles\ReplaceInFiles.vbproj", "{654EB1B7-B635-4DE3-9D45-8F88923441A8}"
	ProjectSection(ProjectDependencies) = postProject
	EndProjectSection
EndProject
Project("{F184B08F-C81C-45F6-A57F-5ABD9991F28F}") = "UpdateTimeStamp", "UpdateTimeStamp\UpdateTimeStamp.vbproj", "{7A5043E6-594A-47FF-AA75-067C3BC8BF74}"
	ProjectSection(ProjectDependencies) = postProject
	EndProjectSection
EndProject
Global
	GlobalSection(SourceCodeControl) = preSolution
		SccNumberOfProjects = 4
		SccLocalPath0 = .
		CanCheckoutShared = false
		SolutionUniqueID = {CC22B7DD-229B-421F-8269-FA48B5EDB8E9}
		SccProjectUniqueName1 = IncrementBuildNumber\\IncrementBuildNumber.vbproj
		SccProjectName1 = \u0022$/TVA\u0020Code\u0020Library/Version/2.0/Examples/Console\u0020Applications/IncrementBuildNumber\u0022,\u0020MSGAAAAA
		SccLocalPath1 = IncrementBuildNumber
		CanCheckoutShared = false
		SccProjectUniqueName2 = ReplaceInFiles\\ReplaceInFiles.vbproj
		SccProjectName2 = \u0022$/TVA\u0020Code\u0020Library/Version/2.0/Examples/Console\u0020Applications/ReplaceInFiles\u0022,\u0020CTGAAAAA
		SccLocalPath2 = ReplaceInFiles
		CanCheckoutShared = false
		SccProjectUniqueName3 = UpdateTimeStamp\\UpdateTimeStamp.vbproj
		SccProjectName3 = \u0022$/TVA\u0020Code\u0020Library/Version/2.0/Examples/Console\u0020Applications/UpdateTimeStamp\u0022,\u0020STGAAAAA
		SccLocalPath3 = UpdateTimeStamp
		CanCheckoutShared = false
	EndGlobalSection
	GlobalSection(SolutionConfiguration) = preSolution
		Debug = Debug
		Release = Release
	EndGlobalSection
	GlobalSection(ProjectConfiguration) = postSolution
		{514AA05B-2005-4A27-8F97-412EF5756012}.Debug.ActiveCfg = Debug|.NET
		{514AA05B-2005-4A27-8F97-412EF5756012}.Debug.Build.0 = Debug|.NET
		{514AA05B-2005-4A27-8F97-412EF5756012}.Release.ActiveCfg = Release|.NET
		{514AA05B-2005-4A27-8F97-412EF5756012}.Release.Build.0 = Release|.NET
		{654EB1B7-B635-4DE3-9D45-8F88923441A8}.Debug.ActiveCfg = Debug|.NET
		{654EB1B7-B635-4DE3-9D45-8F88923441A8}.Debug.Build.0 = Debug|.NET
		{654EB1B7-B635-4DE3-9D45-8F88923441A8}.Release.ActiveCfg = Release|.NET
		{654EB1B7-B635-4DE3-9D45-8F88923441A8}.Release.Build.0 = Release|.NET
		{7A5043E6-594A-47FF-AA75-067C3BC8BF74}.Debug.ActiveCfg = Debug|.NET
		{7A5043E6-594A-47FF-AA75-067C3BC8BF74}.Debug.Build.0 = Debug|.NET
		{7A5043E6-594A-47FF-AA75-067C3BC8BF74}.Release.ActiveCfg = Release|.NET
		{7A5043E6-594A-47FF-AA75-067C3BC8BF74}.Release.Build.0 = Release|.NET
	EndGlobalSection
	GlobalSection(ExtensibilityGlobals) = postSolution
	EndGlobalSection
	GlobalSection(ExtensibilityAddIns) = postSolution
	EndGlobalSection
EndGlobal
