
Microsoft Visual Studio Solution File, Format Version 9.00
# Visual Studio 2005
Project("{F184B08F-C81C-45F6-A57F-5ABD9991F28F}") = "PhasorMeasurementReceiver", "PhasorMeasurementReceiver.vbproj", "{0BDCD521-D91F-4E5E-A89A-62A19D2054BE}"
	ProjectSection(ProjectDependencies) = postProject
		{F452CF72-30CA-4245-B054-F9E73783FD78} = {F452CF72-30CA-4245-B054-F9E73783FD78}
		{DFAF5597-0D41-4010-BE81-42EBD243D3C5} = {DFAF5597-0D41-4010-BE81-42EBD243D3C5}
		{BF6572C0-A38E-4555-8BD8-704BB65DE061} = {BF6572C0-A38E-4555-8BD8-704BB65DE061}
		{0BCA43CD-81D6-495B-BFFB-98B6F414AB13} = {0BCA43CD-81D6-495B-BFFB-98B6F414AB13}
	EndProjectSection
EndProject
Project("{F184B08F-C81C-45F6-A57F-5ABD9991F28F}") = "DatAWareHistorianAdapter", "DatAWareAdapter\DatAWareHistorianAdapter.vbproj", "{F452CF72-30CA-4245-B054-F9E73783FD78}"
EndProject
Project("{F184B08F-C81C-45F6-A57F-5ABD9991F28F}") = "InterfaceAdapters", "InterfaceAdapters\InterfaceAdapters.vbproj", "{45B13CE3-0EE6-4BF7-B36E-638F2BD68071}"
EndProject
Project("{F184B08F-C81C-45F6-A57F-5ABD9991F28F}") = "RealTimeCalculatedMeasurements", "RealTimeCalculatedMeasurements\RealTimeCalculatedMeasurements.vbproj", "{DFAF5597-0D41-4010-BE81-42EBD243D3C5}"
EndProject
Project("{F184B08F-C81C-45F6-A57F-5ABD9991F28F}") = "RealTimeStabilityAlarm", "RealTimeStabilityAlarm\RealTimeStabilityAlarm.vbproj", "{0BCA43CD-81D6-495B-BFFB-98B6F414AB13}"
EndProject
Project("{F184B08F-C81C-45F6-A57F-5ABD9991F28F}") = "ICCPDataExport", "ICCPDataExport\ICCPDataExport.vbproj", "{BF6572C0-A38E-4555-8BD8-704BB65DE061}"
EndProject
Project("{F184B08F-C81C-45F6-A57F-5ABD9991F28F}") = "PhasorProtocols", "PhasorProtocols\PhasorProtocols.vbproj", "{54CA98CC-2F0A-41F2-879D-0E42B17E8544}"
EndProject
Project("{8BC9CEB8-8B4A-11D0-8D11-00A0C91BC942}") = "RealTimeEventDetection", "RealTimeEventDetection\RealTimeEventDetection.vcproj", "{88817BB4-F466-47DF-872E-BFB9159562C3}"
EndProject
Project("{F184B08F-C81C-45F6-A57F-5ABD9991F28F}") = "CalculatedMeasurementSimulator", "CalculatedMeasurementSimulator\CalculatedMeasurementSimulator.vbproj", "{F7F3B21B-DCEC-4ED1-AFC2-25201FE309F7}"
EndProject
Global
	GlobalSection(SourceCodeControl) = preSolution
		SccNumberOfProjects = 10
		SccLocalPath0 = .
		SccProjectUniqueName1 = PhasorMeasurementReceiver.vbproj
		SccLocalPath1 = .
		SccProjectUniqueName2 = DatAWareAdapter\\DatAWareHistorianAdapter.vbproj
		SccProjectName2 = \u0022$/Phasor\u0020Tools/PhasorMeasurementReceiver/DatAWareAdapter\u0022,\u0020VCPAAAAA
		SccLocalPath2 = DatAWareAdapter
		SccProjectUniqueName3 = InterfaceAdapters\\InterfaceAdapters.vbproj
		SccProjectName3 = \u0022$/Phasor\u0020Tools/PhasorMeasurementReceiver/InterfaceAdapters\u0022,\u0020CDIAAAAA
		SccLocalPath3 = InterfaceAdapters
		SccProjectUniqueName4 = RealTimeCalculatedMeasurements\\RealTimeCalculatedMeasurements.vbproj
		SccProjectName4 = \u0022$/Phasor\u0020Tools/PhasorMeasurementReceiver/RealTimeCalculatedMeasurements\u0022,\u0020UBPAAAAA
		SccLocalPath4 = RealTimeCalculatedMeasurements
		SccProjectUniqueName5 = RealTimeStabilityAlarm\\RealTimeStabilityAlarm.vbproj
		SccProjectName5 = \u0022$/Phasor\u0020Tools/PhasorMeasurementReceiver/RealTimeStabilityAlarm\u0022,\u0020DJPAAAAA
		SccLocalPath5 = RealTimeStabilityAlarm
		SccProjectUniqueName6 = ICCPDataExport\\ICCPDataExport.vbproj
		SccLocalPath6 = .
		SccProjectFilePathRelativizedFromConnection6 = ICCPDataExport\\
		SccProjectUniqueName7 = PhasorProtocols\\PhasorProtocols.vbproj
		SccLocalPath7 = .
		SccProjectFilePathRelativizedFromConnection7 = PhasorProtocols\\
		SccProjectUniqueName8 = RealTimeEventDetection\\RealTimeEventDetection.vcproj
		SccLocalPath8 = .
		SccProjectFilePathRelativizedFromConnection8 = RealTimeEventDetection\\
		SccProjectUniqueName9 = CalculatedMeasurementSimulator\\CalculatedMeasurementSimulator.vbproj
		SccLocalPath9 = .
		SccProjectFilePathRelativizedFromConnection9 = CalculatedMeasurementSimulator\\
	EndGlobalSection
	GlobalSection(SolutionConfigurationPlatforms) = preSolution
		Debug|Any CPU = Debug|Any CPU
		Debug|Mixed Platforms = Debug|Mixed Platforms
		Debug|Win32 = Debug|Win32
		Release|Any CPU = Release|Any CPU
		Release|Mixed Platforms = Release|Mixed Platforms
		Release|Win32 = Release|Win32
	EndGlobalSection
	GlobalSection(ProjectConfigurationPlatforms) = postSolution
		{0BDCD521-D91F-4E5E-A89A-62A19D2054BE}.Debug|Any CPU.ActiveCfg = Debug|Any CPU
		{0BDCD521-D91F-4E5E-A89A-62A19D2054BE}.Debug|Any CPU.Build.0 = Debug|Any CPU
		{0BDCD521-D91F-4E5E-A89A-62A19D2054BE}.Debug|Mixed Platforms.ActiveCfg = Debug|Any CPU
		{0BDCD521-D91F-4E5E-A89A-62A19D2054BE}.Debug|Mixed Platforms.Build.0 = Debug|Any CPU
		{0BDCD521-D91F-4E5E-A89A-62A19D2054BE}.Debug|Win32.ActiveCfg = Debug|Any CPU
		{0BDCD521-D91F-4E5E-A89A-62A19D2054BE}.Release|Any CPU.ActiveCfg = Release|Any CPU
		{0BDCD521-D91F-4E5E-A89A-62A19D2054BE}.Release|Any CPU.Build.0 = Release|Any CPU
		{0BDCD521-D91F-4E5E-A89A-62A19D2054BE}.Release|Mixed Platforms.ActiveCfg = Release|Any CPU
		{0BDCD521-D91F-4E5E-A89A-62A19D2054BE}.Release|Mixed Platforms.Build.0 = Release|Any CPU
		{0BDCD521-D91F-4E5E-A89A-62A19D2054BE}.Release|Win32.ActiveCfg = Release|Any CPU
		{F452CF72-30CA-4245-B054-F9E73783FD78}.Debug|Any CPU.ActiveCfg = Debug|Any CPU
		{F452CF72-30CA-4245-B054-F9E73783FD78}.Debug|Any CPU.Build.0 = Debug|Any CPU
		{F452CF72-30CA-4245-B054-F9E73783FD78}.Debug|Mixed Platforms.ActiveCfg = Debug|Any CPU
		{F452CF72-30CA-4245-B054-F9E73783FD78}.Debug|Mixed Platforms.Build.0 = Debug|Any CPU
		{F452CF72-30CA-4245-B054-F9E73783FD78}.Debug|Win32.ActiveCfg = Debug|Any CPU
		{F452CF72-30CA-4245-B054-F9E73783FD78}.Release|Any CPU.ActiveCfg = Release|Any CPU
		{F452CF72-30CA-4245-B054-F9E73783FD78}.Release|Any CPU.Build.0 = Release|Any CPU
		{F452CF72-30CA-4245-B054-F9E73783FD78}.Release|Mixed Platforms.ActiveCfg = Release|Any CPU
		{F452CF72-30CA-4245-B054-F9E73783FD78}.Release|Mixed Platforms.Build.0 = Release|Any CPU
		{F452CF72-30CA-4245-B054-F9E73783FD78}.Release|Win32.ActiveCfg = Release|Any CPU
		{45B13CE3-0EE6-4BF7-B36E-638F2BD68071}.Debug|Any CPU.ActiveCfg = Debug|Any CPU
		{45B13CE3-0EE6-4BF7-B36E-638F2BD68071}.Debug|Any CPU.Build.0 = Debug|Any CPU
		{45B13CE3-0EE6-4BF7-B36E-638F2BD68071}.Debug|Mixed Platforms.ActiveCfg = Debug|Any CPU
		{45B13CE3-0EE6-4BF7-B36E-638F2BD68071}.Debug|Mixed Platforms.Build.0 = Debug|Any CPU
		{45B13CE3-0EE6-4BF7-B36E-638F2BD68071}.Debug|Win32.ActiveCfg = Debug|Any CPU
		{45B13CE3-0EE6-4BF7-B36E-638F2BD68071}.Release|Any CPU.ActiveCfg = Release|Any CPU
		{45B13CE3-0EE6-4BF7-B36E-638F2BD68071}.Release|Any CPU.Build.0 = Release|Any CPU
		{45B13CE3-0EE6-4BF7-B36E-638F2BD68071}.Release|Mixed Platforms.ActiveCfg = Release|Any CPU
		{45B13CE3-0EE6-4BF7-B36E-638F2BD68071}.Release|Mixed Platforms.Build.0 = Release|Any CPU
		{45B13CE3-0EE6-4BF7-B36E-638F2BD68071}.Release|Win32.ActiveCfg = Release|Any CPU
		{DFAF5597-0D41-4010-BE81-42EBD243D3C5}.Debug|Any CPU.ActiveCfg = Debug|Any CPU
		{DFAF5597-0D41-4010-BE81-42EBD243D3C5}.Debug|Any CPU.Build.0 = Debug|Any CPU
		{DFAF5597-0D41-4010-BE81-42EBD243D3C5}.Debug|Mixed Platforms.ActiveCfg = Debug|Any CPU
		{DFAF5597-0D41-4010-BE81-42EBD243D3C5}.Debug|Mixed Platforms.Build.0 = Debug|Any CPU
		{DFAF5597-0D41-4010-BE81-42EBD243D3C5}.Debug|Win32.ActiveCfg = Debug|Any CPU
		{DFAF5597-0D41-4010-BE81-42EBD243D3C5}.Release|Any CPU.ActiveCfg = Release|Any CPU
		{DFAF5597-0D41-4010-BE81-42EBD243D3C5}.Release|Any CPU.Build.0 = Release|Any CPU
		{DFAF5597-0D41-4010-BE81-42EBD243D3C5}.Release|Mixed Platforms.ActiveCfg = Release|Any CPU
		{DFAF5597-0D41-4010-BE81-42EBD243D3C5}.Release|Mixed Platforms.Build.0 = Release|Any CPU
		{DFAF5597-0D41-4010-BE81-42EBD243D3C5}.Release|Win32.ActiveCfg = Release|Any CPU
		{0BCA43CD-81D6-495B-BFFB-98B6F414AB13}.Debug|Any CPU.ActiveCfg = Debug|Any CPU
		{0BCA43CD-81D6-495B-BFFB-98B6F414AB13}.Debug|Any CPU.Build.0 = Debug|Any CPU
		{0BCA43CD-81D6-495B-BFFB-98B6F414AB13}.Debug|Mixed Platforms.ActiveCfg = Debug|Any CPU
		{0BCA43CD-81D6-495B-BFFB-98B6F414AB13}.Debug|Mixed Platforms.Build.0 = Debug|Any CPU
		{0BCA43CD-81D6-495B-BFFB-98B6F414AB13}.Debug|Win32.ActiveCfg = Debug|Any CPU
		{0BCA43CD-81D6-495B-BFFB-98B6F414AB13}.Release|Any CPU.ActiveCfg = Release|Any CPU
		{0BCA43CD-81D6-495B-BFFB-98B6F414AB13}.Release|Any CPU.Build.0 = Release|Any CPU
		{0BCA43CD-81D6-495B-BFFB-98B6F414AB13}.Release|Mixed Platforms.ActiveCfg = Release|Any CPU
		{0BCA43CD-81D6-495B-BFFB-98B6F414AB13}.Release|Mixed Platforms.Build.0 = Release|Any CPU
		{0BCA43CD-81D6-495B-BFFB-98B6F414AB13}.Release|Win32.ActiveCfg = Release|Any CPU
		{BF6572C0-A38E-4555-8BD8-704BB65DE061}.Debug|Any CPU.ActiveCfg = Debug|Any CPU
		{BF6572C0-A38E-4555-8BD8-704BB65DE061}.Debug|Any CPU.Build.0 = Debug|Any CPU
		{BF6572C0-A38E-4555-8BD8-704BB65DE061}.Debug|Mixed Platforms.ActiveCfg = Debug|Any CPU
		{BF6572C0-A38E-4555-8BD8-704BB65DE061}.Debug|Mixed Platforms.Build.0 = Debug|Any CPU
		{BF6572C0-A38E-4555-8BD8-704BB65DE061}.Debug|Win32.ActiveCfg = Debug|Any CPU
		{BF6572C0-A38E-4555-8BD8-704BB65DE061}.Release|Any CPU.ActiveCfg = Release|Any CPU
		{BF6572C0-A38E-4555-8BD8-704BB65DE061}.Release|Any CPU.Build.0 = Release|Any CPU
		{BF6572C0-A38E-4555-8BD8-704BB65DE061}.Release|Mixed Platforms.ActiveCfg = Release|Any CPU
		{BF6572C0-A38E-4555-8BD8-704BB65DE061}.Release|Mixed Platforms.Build.0 = Release|Any CPU
		{BF6572C0-A38E-4555-8BD8-704BB65DE061}.Release|Win32.ActiveCfg = Release|Any CPU
		{54CA98CC-2F0A-41F2-879D-0E42B17E8544}.Debug|Any CPU.ActiveCfg = Debug|Any CPU
		{54CA98CC-2F0A-41F2-879D-0E42B17E8544}.Debug|Any CPU.Build.0 = Debug|Any CPU
		{54CA98CC-2F0A-41F2-879D-0E42B17E8544}.Debug|Mixed Platforms.ActiveCfg = Debug|Any CPU
		{54CA98CC-2F0A-41F2-879D-0E42B17E8544}.Debug|Mixed Platforms.Build.0 = Debug|Any CPU
		{54CA98CC-2F0A-41F2-879D-0E42B17E8544}.Debug|Win32.ActiveCfg = Debug|Any CPU
		{54CA98CC-2F0A-41F2-879D-0E42B17E8544}.Release|Any CPU.ActiveCfg = Release|Any CPU
		{54CA98CC-2F0A-41F2-879D-0E42B17E8544}.Release|Any CPU.Build.0 = Release|Any CPU
		{54CA98CC-2F0A-41F2-879D-0E42B17E8544}.Release|Mixed Platforms.ActiveCfg = Release|Any CPU
		{54CA98CC-2F0A-41F2-879D-0E42B17E8544}.Release|Mixed Platforms.Build.0 = Release|Any CPU
		{54CA98CC-2F0A-41F2-879D-0E42B17E8544}.Release|Win32.ActiveCfg = Release|Any CPU
		{88817BB4-F466-47DF-872E-BFB9159562C3}.Debug|Any CPU.ActiveCfg = Debug|Win32
		{88817BB4-F466-47DF-872E-BFB9159562C3}.Debug|Mixed Platforms.ActiveCfg = Debug|Win32
		{88817BB4-F466-47DF-872E-BFB9159562C3}.Debug|Mixed Platforms.Build.0 = Debug|Win32
		{88817BB4-F466-47DF-872E-BFB9159562C3}.Debug|Win32.ActiveCfg = Debug|Win32
		{88817BB4-F466-47DF-872E-BFB9159562C3}.Debug|Win32.Build.0 = Debug|Win32
		{88817BB4-F466-47DF-872E-BFB9159562C3}.Release|Any CPU.ActiveCfg = Release|Win32
		{88817BB4-F466-47DF-872E-BFB9159562C3}.Release|Mixed Platforms.ActiveCfg = Release|Win32
		{88817BB4-F466-47DF-872E-BFB9159562C3}.Release|Mixed Platforms.Build.0 = Release|Win32
		{88817BB4-F466-47DF-872E-BFB9159562C3}.Release|Win32.ActiveCfg = Release|Win32
		{88817BB4-F466-47DF-872E-BFB9159562C3}.Release|Win32.Build.0 = Release|Win32
		{F7F3B21B-DCEC-4ED1-AFC2-25201FE309F7}.Debug|Any CPU.ActiveCfg = Debug|Any CPU
		{F7F3B21B-DCEC-4ED1-AFC2-25201FE309F7}.Debug|Any CPU.Build.0 = Debug|Any CPU
		{F7F3B21B-DCEC-4ED1-AFC2-25201FE309F7}.Debug|Mixed Platforms.ActiveCfg = Debug|Any CPU
		{F7F3B21B-DCEC-4ED1-AFC2-25201FE309F7}.Debug|Mixed Platforms.Build.0 = Debug|Any CPU
		{F7F3B21B-DCEC-4ED1-AFC2-25201FE309F7}.Debug|Win32.ActiveCfg = Debug|Any CPU
		{F7F3B21B-DCEC-4ED1-AFC2-25201FE309F7}.Release|Any CPU.ActiveCfg = Release|Any CPU
		{F7F3B21B-DCEC-4ED1-AFC2-25201FE309F7}.Release|Any CPU.Build.0 = Release|Any CPU
		{F7F3B21B-DCEC-4ED1-AFC2-25201FE309F7}.Release|Mixed Platforms.ActiveCfg = Release|Any CPU
		{F7F3B21B-DCEC-4ED1-AFC2-25201FE309F7}.Release|Mixed Platforms.Build.0 = Release|Any CPU
		{F7F3B21B-DCEC-4ED1-AFC2-25201FE309F7}.Release|Win32.ActiveCfg = Release|Any CPU
	EndGlobalSection
	GlobalSection(SolutionProperties) = preSolution
		HideSolutionNode = FALSE
	EndGlobalSection
EndGlobal
