
Microsoft Visual Studio Solution File, Format Version 9.00
# Visual Studio 2005
Project("{FAE04EC0-301F-11D3-BF4B-00C04F79EFBC}") = "TVA Code Library Component Installer", "TVA Code Library Component Installer.csproj", "{2FA2B53D-8140-4EA0-93FF-043A89233051}"
EndProject
Project("{54435603-DBB4-11D2-8724-00A0C9A8B90C}") = "PackageSetup", "PackageSetup\PackageSetup.vdproj", "{C8226AAE-6AE3-4731-98F4-278C20A1438E}"
EndProject
Project("{F184B08F-C81C-45F6-A57F-5ABD9991F28F}") = "Setup", "Setup\Setup.vbproj", "{2F96DB77-9B2D-4859-85D9-474FEEF9892C}"
	ProjectSection(ProjectDependencies) = postProject
		{2FA2B53D-8140-4EA0-93FF-043A89233051} = {2FA2B53D-8140-4EA0-93FF-043A89233051}
		{C8226AAE-6AE3-4731-98F4-278C20A1438E} = {C8226AAE-6AE3-4731-98F4-278C20A1438E}
	EndProjectSection
EndProject
Global
	GlobalSection(SourceCodeControl) = preSolution
		SccNumberOfProjects = 4
		SccLocalPath0 = .
		SccProjectUniqueName1 = PackageSetup\\PackageSetup.vdproj
		SccLocalPath1 = .
		SccProjectFilePathRelativizedFromConnection1 = PackageSetup\\
		SccProjectUniqueName2 = Setup\\Setup.vbproj
		SccLocalPath2 = .
		SccProjectFilePathRelativizedFromConnection2 = Setup\\
		SccProjectUniqueName3 = TVA\u0020Code\u0020Library\u0020Component\u0020Installer.csproj
		SccLocalPath3 = .
	EndGlobalSection
	GlobalSection(SolutionConfigurationPlatforms) = preSolution
		Debug|Any CPU = Debug|Any CPU
		Release|Any CPU = Release|Any CPU
	EndGlobalSection
	GlobalSection(ProjectConfigurationPlatforms) = postSolution
		{2FA2B53D-8140-4EA0-93FF-043A89233051}.Debug|Any CPU.ActiveCfg = Debug|Any CPU
		{2FA2B53D-8140-4EA0-93FF-043A89233051}.Debug|Any CPU.Build.0 = Debug|Any CPU
		{2FA2B53D-8140-4EA0-93FF-043A89233051}.Release|Any CPU.ActiveCfg = Release|Any CPU
		{2FA2B53D-8140-4EA0-93FF-043A89233051}.Release|Any CPU.Build.0 = Release|Any CPU
		{C8226AAE-6AE3-4731-98F4-278C20A1438E}.Debug|Any CPU.ActiveCfg = Debug
		{C8226AAE-6AE3-4731-98F4-278C20A1438E}.Debug|Any CPU.Build.0 = Debug
		{C8226AAE-6AE3-4731-98F4-278C20A1438E}.Release|Any CPU.ActiveCfg = Release
		{C8226AAE-6AE3-4731-98F4-278C20A1438E}.Release|Any CPU.Build.0 = Release
		{2F96DB77-9B2D-4859-85D9-474FEEF9892C}.Debug|Any CPU.ActiveCfg = Debug|Any CPU
		{2F96DB77-9B2D-4859-85D9-474FEEF9892C}.Debug|Any CPU.Build.0 = Debug|Any CPU
		{2F96DB77-9B2D-4859-85D9-474FEEF9892C}.Release|Any CPU.ActiveCfg = Release|Any CPU
		{2F96DB77-9B2D-4859-85D9-474FEEF9892C}.Release|Any CPU.Build.0 = Release|Any CPU
	EndGlobalSection
	GlobalSection(SolutionProperties) = preSolution
		HideSolutionNode = FALSE
	EndGlobalSection
EndGlobal
