
Microsoft Visual Studio Solution File, Format Version 11.00
# Visual Studio 2010
Project("{FAE04EC0-301F-11D3-BF4B-00C04F79EFBC}") = "TVA.Historian", "Libraries\TVA.Historian\TVA.Historian.csproj", "{7E1ABF87-8936-44E5-85C0-37044E0D3877}"
EndProject
Project("{FAE04EC0-301F-11D3-BF4B-00C04F79EFBC}") = "TVA.Historian.Test", "Libraries\Test\TVA.Historian.Test\TVA.Historian.Test.csproj", "{D405B0BE-88EE-4224-AA8C-4A6817481C17}"
EndProject
Project("{FAE04EC0-301F-11D3-BF4B-00C04F79EFBC}") = "HistorianPlaybackUtility", "Tools\HistorianPlaybackUtility\HistorianPlaybackUtility.csproj", "{07016E6A-01B1-4B3D-B1D6-F9131A1BEB6E}"
EndProject
Project("{FAE04EC0-301F-11D3-BF4B-00C04F79EFBC}") = "Hadoop.Replication", "Libraries\Hadoop.Replication\Hadoop.Replication.csproj", "{B561487F-79CC-4982-848E-C12F44B4669C}"
EndProject
Global
	GlobalSection(TeamFoundationVersionControl) = preSolution
		SccNumberOfProjects = 4
		SccEnterpriseProvider = {4CA58AB2-18FA-4F8D-95D4-32DDF27D184C}
		SccTeamFoundationServer = https://tfs.codeplex.com/tfs/tfs07
		SccProjectUniqueName0 = Libraries\\TVA.Historian\\TVA.Historian.csproj
		SccProjectName0 = Libraries/TVA.Historian
		SccAuxPath0 = https://tfs.codeplex.com/tfs/tfs07
		SccLocalPath0 = Libraries\\TVA.Historian
		SccProvider0 = {4CA58AB2-18FA-4F8D-95D4-32DDF27D184C}
		SccProjectUniqueName1 = Libraries\\Test\\TVA.Historian.Test\\TVA.Historian.Test.csproj
		SccProjectName1 = Libraries/Test/TVA.Historian.Test
		SccAuxPath1 = https://tfs.codeplex.com/tfs/tfs07
		SccLocalPath1 = Libraries\\Test\\TVA.Historian.Test
		SccProvider1 = {4CA58AB2-18FA-4F8D-95D4-32DDF27D184C}
		SccProjectUniqueName2 = Tools\\HistorianPlaybackUtility\\HistorianPlaybackUtility.csproj
		SccProjectName2 = Tools/HistorianPlaybackUtility
		SccAuxPath2 = https://tfs.codeplex.com/tfs/tfs07
		SccLocalPath2 = Tools\\HistorianPlaybackUtility
		SccProvider2 = {4CA58AB2-18FA-4F8D-95D4-32DDF27D184C}
		SccProjectUniqueName3 = Libraries\\Hadoop.Replication\\Hadoop.Replication.csproj
		SccProjectName3 = Libraries/Hadoop.Replication
		SccAuxPath3 = https://tfs.codeplex.com/tfs/tfs07
		SccLocalPath3 = Libraries\\Hadoop.Replication
		SccProvider3 = {4CA58AB2-18FA-4F8D-95D4-32DDF27D184C}
	EndGlobalSection
	GlobalSection(TestCaseManagementSettings) = postSolution
		CategoryFile = Historian.vsmdi
	EndGlobalSection
	GlobalSection(SolutionConfigurationPlatforms) = preSolution
		Debug|Any CPU = Debug|Any CPU
		Release|Any CPU = Release|Any CPU
	EndGlobalSection
	GlobalSection(ProjectConfigurationPlatforms) = postSolution
		{7E1ABF87-8936-44E5-85C0-37044E0D3877}.Debug|Any CPU.ActiveCfg = Debug|Any CPU
		{7E1ABF87-8936-44E5-85C0-37044E0D3877}.Debug|Any CPU.Build.0 = Debug|Any CPU
		{7E1ABF87-8936-44E5-85C0-37044E0D3877}.Release|Any CPU.ActiveCfg = Release|Any CPU
		{7E1ABF87-8936-44E5-85C0-37044E0D3877}.Release|Any CPU.Build.0 = Release|Any CPU
		{D405B0BE-88EE-4224-AA8C-4A6817481C17}.Debug|Any CPU.ActiveCfg = Debug|Any CPU
		{D405B0BE-88EE-4224-AA8C-4A6817481C17}.Debug|Any CPU.Build.0 = Debug|Any CPU
		{D405B0BE-88EE-4224-AA8C-4A6817481C17}.Release|Any CPU.ActiveCfg = Release|Any CPU
		{D405B0BE-88EE-4224-AA8C-4A6817481C17}.Release|Any CPU.Build.0 = Release|Any CPU
		{07016E6A-01B1-4B3D-B1D6-F9131A1BEB6E}.Debug|Any CPU.ActiveCfg = Debug|Any CPU
		{07016E6A-01B1-4B3D-B1D6-F9131A1BEB6E}.Debug|Any CPU.Build.0 = Debug|Any CPU
		{07016E6A-01B1-4B3D-B1D6-F9131A1BEB6E}.Release|Any CPU.ActiveCfg = Release|Any CPU
		{07016E6A-01B1-4B3D-B1D6-F9131A1BEB6E}.Release|Any CPU.Build.0 = Release|Any CPU
		{B561487F-79CC-4982-848E-C12F44B4669C}.Debug|Any CPU.ActiveCfg = Debug|Any CPU
		{B561487F-79CC-4982-848E-C12F44B4669C}.Debug|Any CPU.Build.0 = Debug|Any CPU
		{B561487F-79CC-4982-848E-C12F44B4669C}.Release|Any CPU.ActiveCfg = Release|Any CPU
		{B561487F-79CC-4982-848E-C12F44B4669C}.Release|Any CPU.Build.0 = Release|Any CPU
	EndGlobalSection
	GlobalSection(SolutionProperties) = preSolution
		HideSolutionNode = FALSE
	EndGlobalSection
EndGlobal
