
Microsoft Visual Studio Solution File, Format Version 12.00
# Visual Studio 14
VisualStudioVersion = 14.0.23107.0
MinimumVisualStudioVersion = 10.0.40219.1
Project("{2150E333-8FDC-42A3-9474-1A3956D46DE8}") = "Libraries", "Libraries", "{D7805B20-D771-4546-90DD-CD98C4BA4436}"
EndProject
Project("{FAE04EC0-301F-11D3-BF4B-00C04F79EFBC}") = "ConfigCrypter4.5.2", "Tools\ConfigCrypter\ConfigCrypter4.5.2.csproj", "{35027A69-1A76-4312-B57B-F5826F0B87AF}"
EndProject
Project("{FAE04EC0-301F-11D3-BF4B-00C04F79EFBC}") = "ConfigEditor4.5.2", "Tools\ConfigEditor\ConfigEditor4.5.2.csproj", "{129F9272-157F-4A37-B0A4-0F9E5E4A0FE6}"
EndProject
Project("{FAE04EC0-301F-11D3-BF4B-00C04F79EFBC}") = "DataMigrationUtility4.5.2", "Tools\DataMigrationUtility\DataMigrationUtility4.5.2.csproj", "{933BE44C-B124-4ACC-8BE8-A6A22AAC4413}"
EndProject
Project("{2150E333-8FDC-42A3-9474-1A3956D46DE8}") = "Adapter Repository", "Adapter Repository", "{2E8D7CE0-8816-4893-848B-05E2A38FE898}"
EndProject
Project("{FAE04EC0-301F-11D3-BF4B-00C04F79EFBC}") = "AdoAdapters4.5.2", "Libraries\Adapters\AdoAdapters\AdoAdapters4.5.2.csproj", "{C4145EB5-FEF9-4419-AC5E-31D4F23AD311}"
EndProject
Project("{FAE04EC0-301F-11D3-BF4B-00C04F79EFBC}") = "CsvAdapters4.5.2", "Libraries\Adapters\CsvAdapters\CsvAdapters4.5.2.csproj", "{A8861372-0FE2-45E5-9DED-73B55AC4196C}"
EndProject
Project("{FAE04EC0-301F-11D3-BF4B-00C04F79EFBC}") = "DataQualityMonitoring4.5.2", "Libraries\Adapters\DataQualityMonitoring\DataQualityMonitoring4.5.2.csproj", "{AD054F7A-C944-4BA3-8CD8-CA275184BD33}"
EndProject
Project("{FAE04EC0-301F-11D3-BF4B-00C04F79EFBC}") = "DNP3Adapters4.5.2", "Libraries\Adapters\Dnp3Adapters\DNP3Adapters4.5.2.csproj", "{A04A48C2-112D-4EE3-A6B0-3784A1315BCF}"
EndProject
Project("{FAE04EC0-301F-11D3-BF4B-00C04F79EFBC}") = "DynamicCalculator4.5.2", "Libraries\Adapters\DynamicCalculator\DynamicCalculator4.5.2.csproj", "{374F5805-28DB-4BCA-8062-BF802793BD4F}"
EndProject
Project("{FAE04EC0-301F-11D3-BF4B-00C04F79EFBC}") = "MongoAdapters4.5.2", "Libraries\Adapters\MongoAdapters\MongoAdapters4.5.2.csproj", "{383F4F83-8228-4B9A-9757-250043B6E30B}"
EndProject
Project("{FAE04EC0-301F-11D3-BF4B-00C04F79EFBC}") = "MySqlAdapters4.5.2", "Libraries\Adapters\MySqlAdapters\MySqlAdapters4.5.2.csproj", "{1FEC4033-C80F-4CF1-835C-BBEE0E7F6803}"
EndProject
Project("{FAE04EC0-301F-11D3-BF4B-00C04F79EFBC}") = "OneSecondFrequencyAverager4.5.2", "Libraries\Adapters\OneSecondFrequencyAverager\OneSecondFrequencyAverager4.5.2.csproj", "{AF33B063-D523-493E-951A-29C930A49002}"
EndProject
Project("{FAE04EC0-301F-11D3-BF4B-00C04F79EFBC}") = "TestingAdapters4.5.2", "Libraries\Adapters\TestingAdapters\TestingAdapters4.5.2.csproj", "{69846364-E3F5-4086-B9FE-D447BB7E56C3}"
EndProject
Project("{FAE04EC0-301F-11D3-BF4B-00C04F79EFBC}") = "WavInputAdapter4.5.2", "Libraries\Adapters\WavInputAdapter\WavInputAdapter4.5.2.csproj", "{3F0B62F6-99B8-4F57-8C58-0B4B862358EA}"
EndProject
Project("{2150E333-8FDC-42A3-9474-1A3956D46DE8}") = "Applications", "Applications", "{0C19430B-01AC-4184-ACDA-6DE690649CD8}"
EndProject
Project("{FAE04EC0-301F-11D3-BF4B-00C04F79EFBC}") = "GSF.Core4.5.2", "Libraries\GSF.Core\GSF.Core4.5.2.csproj", "{FF3FCBA6-F01A-4EC2-BC3F-6BA832AFCF88}"
EndProject
Project("{FAE04EC0-301F-11D3-BF4B-00C04F79EFBC}") = "GSF.Communication4.5.2", "Libraries\GSF.Communication\GSF.Communication4.5.2.csproj", "{2B2EB9BE-E6A9-406F-BFE6-FF46DD6BD264}"
EndProject
Project("{FAE04EC0-301F-11D3-BF4B-00C04F79EFBC}") = "GSF.Security4.5.2", "Libraries\GSF.Security\GSF.Security4.5.2.csproj", "{4060E729-EFFD-4E50-A0D5-99C0990EF7DA}"
EndProject
Project("{FAE04EC0-301F-11D3-BF4B-00C04F79EFBC}") = "GSF.ServiceBus4.5.2", "Libraries\GSF.ServiceBus\GSF.ServiceBus4.5.2.csproj", "{C4524980-9901-4370-A49F-657761258E43}"
EndProject
Project("{FAE04EC0-301F-11D3-BF4B-00C04F79EFBC}") = "GSF.ServiceModel4.5.2", "Libraries\GSF.ServiceModel\GSF.ServiceModel4.5.2.csproj", "{0622C318-5032-4D56-BB71-5CE64B502FB0}"
EndProject
Project("{FAE04EC0-301F-11D3-BF4B-00C04F79EFBC}") = "GSF.ServiceProcess4.5.2", "Libraries\GSF.ServiceProcess\GSF.ServiceProcess4.5.2.csproj", "{2E23E926-CF64-4607-BDE1-1B2FC76F4919}"
EndProject
Project("{FAE04EC0-301F-11D3-BF4B-00C04F79EFBC}") = "GSF.TimeSeries4.5.2", "Libraries\GSF.TimeSeries\GSF.TimeSeries4.5.2.csproj", "{412F9F59-D9B9-4C8E-96D2-20492644198C}"
EndProject
Project("{FAE04EC0-301F-11D3-BF4B-00C04F79EFBC}") = "GSF.Web4.5.2", "Libraries\GSF.Web\GSF.Web4.5.2.csproj", "{0501C2DC-3428-4413-AE92-F0D82FF3DBBC}"
EndProject
Project("{FAE04EC0-301F-11D3-BF4B-00C04F79EFBC}") = "GSF.Windows4.5.2", "Libraries\GSF.Windows\GSF.Windows4.5.2.csproj", "{EA70C8AA-60DE-4FFD-B1D9-B5406395B1AF}"
EndProject
Project("{FAE04EC0-301F-11D3-BF4B-00C04F79EFBC}") = "GSF.TimeSeries.UI4.5.2", "Libraries\GSF.TimeSeries\UI\GSF.TimeSeries.UI4.5.2.csproj", "{7ED01B57-DD71-4A38-BB29-65D629224A12}"
EndProject
Project("{FAE04EC0-301F-11D3-BF4B-00C04F79EFBC}") = "GSF.TimeSeries.UI.WPF4.5.2", "Libraries\GSF.TimeSeries\UI\WPF\GSF.TimeSeries.UI.WPF4.5.2.csproj", "{5AF0D55A-30BF-46A5-8A47-FA885F56BFEF}"
EndProject
Project("{FAE04EC0-301F-11D3-BF4B-00C04F79EFBC}") = "GSF.Media4.5.2", "Libraries\GSF.Media\GSF.Media4.5.2.csproj", "{0F8E8EFC-E7C7-4843-8EE6-8C7C7353892A}"
EndProject
Project("{FAE04EC0-301F-11D3-BF4B-00C04F79EFBC}") = "GSF.Net4.5.2", "Libraries\GSF.Net\GSF.Net4.5.2.csproj", "{72713097-3BE3-4FA7-97B5-7EC3A2BA8316}"
EndProject
Project("{FAE04EC0-301F-11D3-BF4B-00C04F79EFBC}") = "GSF.Historian4.5.2", "Libraries\GSF.Historian\GSF.Historian4.5.2.csproj", "{7E1ABF87-8936-44E5-85C0-37044E0D3877}"
EndProject
Project("{FAE04EC0-301F-11D3-BF4B-00C04F79EFBC}") = "Hadoop.Replication4.5.2", "Libraries\Hadoop.Replication\Hadoop.Replication4.5.2.csproj", "{B561487F-79CC-4982-848E-C12F44B4669C}"
EndProject
Project("{FAE04EC0-301F-11D3-BF4B-00C04F79EFBC}") = "HistorianPlaybackUtility4.5.2", "Tools\HistorianPlaybackUtility\HistorianPlaybackUtility4.5.2.csproj", "{07016E6A-01B1-4B3D-B1D6-F9131A1BEB6E}"
EndProject
Project("{FAE04EC0-301F-11D3-BF4B-00C04F79EFBC}") = "HistorianView4.5.2", "Tools\HistorianView\HistorianView4.5.2.csproj", "{2E9DA7CC-960A-40A6-BC90-1FBD7B7994F0}"
EndProject
Project("{FAE04EC0-301F-11D3-BF4B-00C04F79EFBC}") = "ArchivistAdapters4.5.2", "Libraries\Adapters\ArchivistAdapters\ArchivistAdapters4.5.2.csproj", "{3FD4D092-3E0F-41C1-BE8A-E0A924E76039}"
EndProject
Project("{FAE04EC0-301F-11D3-BF4B-00C04F79EFBC}") = "GSF.PQDIF4.5.2", "Libraries\GSF.PQDIF\GSF.PQDIF4.5.2.csproj", "{B4B5A12E-412E-4382-B991-3B67653F533C}"
EndProject
Project("{FAE04EC0-301F-11D3-BF4B-00C04F79EFBC}") = "GSF.PhasorProtocols4.5.2", "Libraries\GSF.PhasorProtocols\GSF.PhasorProtocols4.5.2.csproj", "{54CA98CC-2F0A-41F2-879D-0E42B17E8544}"
EndProject
Project("{FAE04EC0-301F-11D3-BF4B-00C04F79EFBC}") = "EpriExport4.5.2", "Libraries\Adapters\EpriExport\EpriExport4.5.2.csproj", "{5E1CD41C-6CB0-45D1-AA73-191A36028CE7}"
EndProject
Project("{FAE04EC0-301F-11D3-BF4B-00C04F79EFBC}") = "HistorianAdapters4.5.2", "Libraries\Adapters\HistorianAdapters\HistorianAdapters4.5.2.csproj", "{8A1BCFAA-19E8-408A-8C72-170B1211DC27}"
EndProject
Project("{FAE04EC0-301F-11D3-BF4B-00C04F79EFBC}") = "ICCPExport4.5.2", "Libraries\Adapters\ICCPExport\ICCPExport4.5.2.csproj", "{40FACE0F-06DF-474C-A87C-59C8EAC0B3F8}"
EndProject
Project("{FAE04EC0-301F-11D3-BF4B-00C04F79EFBC}") = "PowerCalculations4.5.2", "Libraries\Adapters\PowerCalculations\PowerCalculations4.5.2.csproj", "{B74CF4DA-2972-489B-AF08-419560EE57EF}"
EndProject
Project("{FAE04EC0-301F-11D3-BF4B-00C04F79EFBC}") = "PhasorProtocolAdapters4.5.2", "Libraries\Adapters\PhasorProtocolAdapters\PhasorProtocolAdapters4.5.2.csproj", "{C4F3C41D-D76A-4283-8732-681B67B7AD74}"
EndProject
Project("{FAE04EC0-301F-11D3-BF4B-00C04F79EFBC}") = "ConfigurationCacher4.5.2", "Tools\ConfigurationCacher\ConfigurationCacher4.5.2.csproj", "{E349DD08-3707-4542-8ED3-BB9E106FE6FB}"
EndProject
Project("{FAE04EC0-301F-11D3-BF4B-00C04F79EFBC}") = "PIAdapters4.5.2", "Libraries\Adapters\PIAdapters\PIAdapters4.5.2.csproj", "{8BDA86DB-B944-4880-9D97-E4FF04577C03}"
EndProject
Project("{FAE04EC0-301F-11D3-BF4B-00C04F79EFBC}") = "FileAdapters4.5.2", "Libraries\Adapters\FileAdapters\FileAdapters4.5.2.csproj", "{08F5CCE4-10C4-477C-B5C9-37F7D49748BC}"
EndProject
Project("{FAE04EC0-301F-11D3-BF4B-00C04F79EFBC}") = "GSF.PhasorProtocols.UI4.5.2", "Libraries\GSF.PhasorProtocols\UI\GSF.PhasorProtocols.UI4.5.2.csproj", "{A818C4B5-52B5-4E12-917E-4854C9AB4EF3}"
EndProject
Project("{FAE04EC0-301F-11D3-BF4B-00C04F79EFBC}") = "GSF.PhasorProtocols.UI.WPF4.5.2", "Libraries\GSF.PhasorProtocols\UI\WPF\GSF.PhasorProtocols.UI.WPF4.5.2.csproj", "{57261E91-7636-4F92-8D93-744A4AAD7EB0}"
EndProject
Project("{FAE04EC0-301F-11D3-BF4B-00C04F79EFBC}") = "GSF.TimeSeries.Transport.UI4.5.2", "Libraries\GSF.TimeSeries\Transport\UI\GSF.TimeSeries.Transport.UI4.5.2.csproj", "{94F36768-E9A0-4783-BB0F-8C2C1771352E}"
EndProject
Project("{FAE04EC0-301F-11D3-BF4B-00C04F79EFBC}") = "GSF.TimeSeries.Transport.UI.WPF4.5.2", "Libraries\GSF.TimeSeries\Transport\UI\WPF\GSF.TimeSeries.Transport.UI.WPF4.5.2.csproj", "{134819C5-C1BB-4ED1-BE23-49AB5FB33744}"
EndProject
Project("{FAE04EC0-301F-11D3-BF4B-00C04F79EFBC}") = "GSF.InstallerActions4.5.2", "Libraries\GSF.InstallerActions\GSF.InstallerActions4.5.2.csproj", "{DE23EEF6-EE66-42DE-81B0-890B3A77B83C}"
EndProject
Project("{FAE04EC0-301F-11D3-BF4B-00C04F79EFBC}") = "FtpAdapters4.5.2", "Libraries\Adapters\FtpAdapters\FtpAdapters4.5.2.csproj", "{43A322EE-37D2-4B13-BA16-023E88772F8D}"
EndProject
Project("{FAE04EC0-301F-11D3-BF4B-00C04F79EFBC}") = "GSF.ASN14.5.2", "Libraries\GSF.ASN1\GSF.ASN14.5.2.csproj", "{B3FBA8D6-7C89-4FE9-8E90-F617604A7C3C}"
EndProject
Project("{FAE04EC0-301F-11D3-BF4B-00C04F79EFBC}") = "GSF.MMS4.5.2", "Libraries\GSF.MMS\GSF.MMS4.5.2.csproj", "{74B3264B-4740-4C2F-9DCB-373FDCD3A848}"
EndProject
Project("{FAE04EC0-301F-11D3-BF4B-00C04F79EFBC}") = "GSF.COMTRADE4.5.2", "Libraries\GSF.COMTRADE\GSF.COMTRADE4.5.2.csproj", "{9B93C212-786C-45C9-9B90-8CEFD24EF19D}"
EndProject
Project("{FAE04EC0-301F-11D3-BF4B-00C04F79EFBC}") = "COMTRADEAdapters4.5.2", "Libraries\Adapters\COMTRADEAdapters\COMTRADEAdapters4.5.2.csproj", "{7B0EEB2B-6F25-4D59-A15D-F39EA9DC94D3}"
EndProject
Project("{FAE04EC0-301F-11D3-BF4B-00C04F79EFBC}") = "SocketArchive4.5.2", "Tools\SocketArchive\SocketArchive4.5.2.csproj", "{7D81CF8E-6F49-4AF8-B039-9C3210140194}"
EndProject
Project("{FAE04EC0-301F-11D3-BF4B-00C04F79EFBC}") = "GSF.SELEventParser4.5.2", "Libraries\GSF.SELEventParser\GSF.SELEventParser4.5.2.csproj", "{2C42B95F-A58A-413D-97E2-1968C087C472}"
EndProject
Project("{FAE04EC0-301F-11D3-BF4B-00C04F79EFBC}") = "AudioAdapters4.5.2", "Libraries\Adapters\AudioAdapters\AudioAdapters4.5.2.csproj", "{26F261F8-8660-46D3-8090-BCDA9EFF5427}"
EndProject
Project("{FAE04EC0-301F-11D3-BF4B-00C04F79EFBC}") = "NoInetFixUtil4.5.2", "Tools\NoInetFixUtil\NoInetFixUtil4.5.2.csproj", "{1B3CA936-9D8A-4B40-8B08-E98AA2375E69}"
EndProject
Project("{FAE04EC0-301F-11D3-BF4B-00C04F79EFBC}") = "StatHistorianReportGenerator4.5.2", "Tools\StatHistorianReportGenerator\StatHistorianReportGenerator4.5.2.csproj", "{252A5667-C00C-4427-A5E8-2EB4886877C4}"
EndProject
Project("{FAE04EC0-301F-11D3-BF4B-00C04F79EFBC}") = "DNP3ConfigGenerator4.5.2", "Tools\DNP3ConfigGenerator\DNP3ConfigGenerator4.5.2.csproj", "{3029C3DC-E302-46E5-8126-8082B6EC1C1A}"
EndProject
Project("{2150E333-8FDC-42A3-9474-1A3956D46DE8}") = "Historian", "Historian", "{F3B5720A-27E0-46C7-A9E1-A91B9D18F59A}"
EndProject
Project("{2150E333-8FDC-42A3-9474-1A3956D46DE8}") = "Data Exchange", "Data Exchange", "{78C67B09-D6EB-4A79-A591-47146025A277}"
EndProject
Project("{2150E333-8FDC-42A3-9474-1A3956D46DE8}") = "File Formats", "File Formats", "{F68BED5B-410C-4D02-87C0-8AC74E374821}"
EndProject
Project("{2150E333-8FDC-42A3-9474-1A3956D46DE8}") = "Streaming Protocols", "Streaming Protocols", "{7FB89A9F-D6FD-46CD-960A-7A9E90D82C2C}"
EndProject
Project("{2150E333-8FDC-42A3-9474-1A3956D46DE8}") = "User Interface", "User Interface", "{99F344EA-D35D-42C8-882B-B495527B5F40}"
EndProject
Project("{2150E333-8FDC-42A3-9474-1A3956D46DE8}") = "Synchrophasor", "Synchrophasor", "{4F46CF24-163D-4541-9EBF-C291053C0948}"
EndProject
Project("{2150E333-8FDC-42A3-9474-1A3956D46DE8}") = "Time-series", "Time-series", "{AEB62271-270D-4F3E-B596-2297B382A95F}"
EndProject
Project("{2150E333-8FDC-42A3-9474-1A3956D46DE8}") = "Utilities", "Utilities", "{1B63485E-46C7-4185-B968-216A02396B88}"
EndProject
Project("{2150E333-8FDC-42A3-9474-1A3956D46DE8}") = "Time-series", "Time-series", "{B3986636-8741-4D97-AE46-2A5BA1338B41}"
EndProject
Project("{2150E333-8FDC-42A3-9474-1A3956D46DE8}") = "Synchrophasor", "Synchrophasor", "{51797AFD-D313-4E14-A3E9-531F28C698C2}"
EndProject
Project("{2150E333-8FDC-42A3-9474-1A3956D46DE8}") = "Historian", "Historian", "{CD3C7F74-B7F2-422F-8417-1E9045155352}"
EndProject
Project("{2150E333-8FDC-42A3-9474-1A3956D46DE8}") = "Media", "Media", "{917EA50B-D09B-4B96-B8DD-5D91C7DFBF38}"
EndProject
Project("{2150E333-8FDC-42A3-9474-1A3956D46DE8}") = "Database", "Database", "{06BCB1F6-1992-4B1B-A98F-4F4EA04441B5}"
EndProject
Project("{2150E333-8FDC-42A3-9474-1A3956D46DE8}") = "File", "File", "{198CE128-2E28-4591-91C1-C83176C3BE51}"
EndProject
Project("{2150E333-8FDC-42A3-9474-1A3956D46DE8}") = "Structured Data Encoding", "Structured Data Encoding", "{E4120DD8-64F7-4D60-8B41-F2FDC27CC708}"
EndProject
Project("{FAE04EC0-301F-11D3-BF4B-00C04F79EFBC}") = "InfluxDBAdapters4.5.2", "Libraries\Adapters\InfluxDBAdapters\InfluxDBAdapters4.5.2.csproj", "{FC374324-D282-49B1-A189-01339542512D}"
EndProject
Project("{FAE04EC0-301F-11D3-BF4B-00C04F79EFBC}") = "GSF.EMAX4.5.2", "Libraries\GSF.EMAX\GSF.EMAX4.5.2.csproj", "{BFD3BD23-FA08-4449-BEED-BDFEE0613291}"
EndProject
Project("{FAE04EC0-301F-11D3-BF4B-00C04F79EFBC}") = "MonoGenCert4.5.2", "Tools\MonoGenCert\MonoGenCert4.5.2.csproj", "{CD5A5BA7-BD0A-4C9F-9403-C58B5862EBE2}"
EndProject
Project("{2150E333-8FDC-42A3-9474-1A3956D46DE8}") = "Extensions", "Extensions", "{4E8D127B-DBEE-4B5F-9620-5ADC4E3C6EB3}"
EndProject
Project("{F184B08F-C81C-45F6-A57F-5ABD9991F28F}") = "GPAVSExtension4.5.2", "Extensions\GPAVSExtension\GPAVSExtension4.5.2.vbproj", "{018E3229-1D7C-430B-915C-BA6336E3FC04}"
EndProject
Project("{FAE04EC0-301F-11D3-BF4B-00C04F79EFBC}") = "KafkaAdapters4.5.2", "Libraries\Adapters\Kafka\KafkaAdapters4.5.2.csproj", "{A86F87D9-244A-4A01-8BE9-800257EE7BC2}"
EndProject
Project("{FAE04EC0-301F-11D3-BF4B-00C04F79EFBC}") = "PowerCalculations.UI4.5.2", "Libraries\Adapters\PowerCalculations.UI\PowerCalculations.UI4.5.2.csproj", "{96CD89D2-30FA-49CC-9B40-10523021FEAF}"
EndProject
Project("{FAE04EC0-301F-11D3-BF4B-00C04F79EFBC}") = "PowerCalculations.UI.WPF4.5.2", "Libraries\Adapters\PowerCalculations.UI.WPF\PowerCalculations.UI.WPF4.5.2.csproj", "{73E9DACD-1815-4EF2-B856-669C5DA0CA1F}"
EndProject
Global
	GlobalSection(SolutionConfigurationPlatforms) = preSolution
		Debug|Any CPU = Debug|Any CPU
		Debug|x86 = Debug|x86
		Mono|Any CPU = Mono|Any CPU
		Mono|x86 = Mono|x86
		Release|Any CPU = Release|Any CPU
		Release|x86 = Release|x86
	EndGlobalSection
	GlobalSection(ProjectConfigurationPlatforms) = postSolution
		{35027A69-1A76-4312-B57B-F5826F0B87AF}.Debug|Any CPU.ActiveCfg = Debug|Any CPU
		{35027A69-1A76-4312-B57B-F5826F0B87AF}.Debug|Any CPU.Build.0 = Debug|Any CPU
		{35027A69-1A76-4312-B57B-F5826F0B87AF}.Debug|x86.ActiveCfg = Debug|x86
		{35027A69-1A76-4312-B57B-F5826F0B87AF}.Debug|x86.Build.0 = Debug|x86
		{35027A69-1A76-4312-B57B-F5826F0B87AF}.Mono|Any CPU.ActiveCfg = Mono|Any CPU
		{35027A69-1A76-4312-B57B-F5826F0B87AF}.Mono|Any CPU.Build.0 = Mono|Any CPU
		{35027A69-1A76-4312-B57B-F5826F0B87AF}.Mono|x86.ActiveCfg = Mono|Any CPU
		{35027A69-1A76-4312-B57B-F5826F0B87AF}.Release|Any CPU.ActiveCfg = Release|Any CPU
		{35027A69-1A76-4312-B57B-F5826F0B87AF}.Release|Any CPU.Build.0 = Release|Any CPU
		{35027A69-1A76-4312-B57B-F5826F0B87AF}.Release|x86.ActiveCfg = Release|x86
		{35027A69-1A76-4312-B57B-F5826F0B87AF}.Release|x86.Build.0 = Release|x86
		{129F9272-157F-4A37-B0A4-0F9E5E4A0FE6}.Debug|Any CPU.ActiveCfg = Debug|Any CPU
		{129F9272-157F-4A37-B0A4-0F9E5E4A0FE6}.Debug|Any CPU.Build.0 = Debug|Any CPU
		{129F9272-157F-4A37-B0A4-0F9E5E4A0FE6}.Debug|x86.ActiveCfg = Debug|x86
		{129F9272-157F-4A37-B0A4-0F9E5E4A0FE6}.Debug|x86.Build.0 = Debug|x86
		{129F9272-157F-4A37-B0A4-0F9E5E4A0FE6}.Mono|Any CPU.ActiveCfg = Mono|Any CPU
		{129F9272-157F-4A37-B0A4-0F9E5E4A0FE6}.Mono|Any CPU.Build.0 = Mono|Any CPU
		{129F9272-157F-4A37-B0A4-0F9E5E4A0FE6}.Mono|x86.ActiveCfg = Mono|Any CPU
		{129F9272-157F-4A37-B0A4-0F9E5E4A0FE6}.Release|Any CPU.ActiveCfg = Release|Any CPU
		{129F9272-157F-4A37-B0A4-0F9E5E4A0FE6}.Release|Any CPU.Build.0 = Release|Any CPU
		{129F9272-157F-4A37-B0A4-0F9E5E4A0FE6}.Release|x86.ActiveCfg = Release|x86
		{129F9272-157F-4A37-B0A4-0F9E5E4A0FE6}.Release|x86.Build.0 = Release|x86
		{933BE44C-B124-4ACC-8BE8-A6A22AAC4413}.Debug|Any CPU.ActiveCfg = Debug|Any CPU
		{933BE44C-B124-4ACC-8BE8-A6A22AAC4413}.Debug|Any CPU.Build.0 = Debug|Any CPU
		{933BE44C-B124-4ACC-8BE8-A6A22AAC4413}.Debug|x86.ActiveCfg = Debug|x86
		{933BE44C-B124-4ACC-8BE8-A6A22AAC4413}.Debug|x86.Build.0 = Debug|x86
		{933BE44C-B124-4ACC-8BE8-A6A22AAC4413}.Mono|Any CPU.ActiveCfg = Mono|Any CPU
		{933BE44C-B124-4ACC-8BE8-A6A22AAC4413}.Mono|Any CPU.Build.0 = Mono|Any CPU
		{933BE44C-B124-4ACC-8BE8-A6A22AAC4413}.Mono|x86.ActiveCfg = Release|Any CPU
		{933BE44C-B124-4ACC-8BE8-A6A22AAC4413}.Release|Any CPU.ActiveCfg = Release|Any CPU
		{933BE44C-B124-4ACC-8BE8-A6A22AAC4413}.Release|Any CPU.Build.0 = Release|Any CPU
		{933BE44C-B124-4ACC-8BE8-A6A22AAC4413}.Release|x86.ActiveCfg = Release|x86
		{933BE44C-B124-4ACC-8BE8-A6A22AAC4413}.Release|x86.Build.0 = Release|x86
		{C4145EB5-FEF9-4419-AC5E-31D4F23AD311}.Debug|Any CPU.ActiveCfg = Debug|Any CPU
		{C4145EB5-FEF9-4419-AC5E-31D4F23AD311}.Debug|Any CPU.Build.0 = Debug|Any CPU
		{C4145EB5-FEF9-4419-AC5E-31D4F23AD311}.Debug|x86.ActiveCfg = Debug|x86
		{C4145EB5-FEF9-4419-AC5E-31D4F23AD311}.Debug|x86.Build.0 = Debug|x86
		{C4145EB5-FEF9-4419-AC5E-31D4F23AD311}.Mono|Any CPU.ActiveCfg = Mono|Any CPU
		{C4145EB5-FEF9-4419-AC5E-31D4F23AD311}.Mono|Any CPU.Build.0 = Mono|Any CPU
		{C4145EB5-FEF9-4419-AC5E-31D4F23AD311}.Mono|x86.ActiveCfg = Release|Any CPU
		{C4145EB5-FEF9-4419-AC5E-31D4F23AD311}.Release|Any CPU.ActiveCfg = Release|Any CPU
		{C4145EB5-FEF9-4419-AC5E-31D4F23AD311}.Release|Any CPU.Build.0 = Release|Any CPU
		{C4145EB5-FEF9-4419-AC5E-31D4F23AD311}.Release|x86.ActiveCfg = Release|x86
		{C4145EB5-FEF9-4419-AC5E-31D4F23AD311}.Release|x86.Build.0 = Release|x86
		{A8861372-0FE2-45E5-9DED-73B55AC4196C}.Debug|Any CPU.ActiveCfg = Debug|Any CPU
		{A8861372-0FE2-45E5-9DED-73B55AC4196C}.Debug|Any CPU.Build.0 = Debug|Any CPU
		{A8861372-0FE2-45E5-9DED-73B55AC4196C}.Debug|x86.ActiveCfg = Debug|x86
		{A8861372-0FE2-45E5-9DED-73B55AC4196C}.Debug|x86.Build.0 = Debug|x86
		{A8861372-0FE2-45E5-9DED-73B55AC4196C}.Mono|Any CPU.ActiveCfg = Mono|Any CPU
		{A8861372-0FE2-45E5-9DED-73B55AC4196C}.Mono|Any CPU.Build.0 = Mono|Any CPU
		{A8861372-0FE2-45E5-9DED-73B55AC4196C}.Mono|x86.ActiveCfg = Release|Any CPU
		{A8861372-0FE2-45E5-9DED-73B55AC4196C}.Release|Any CPU.ActiveCfg = Release|Any CPU
		{A8861372-0FE2-45E5-9DED-73B55AC4196C}.Release|Any CPU.Build.0 = Release|Any CPU
		{A8861372-0FE2-45E5-9DED-73B55AC4196C}.Release|x86.ActiveCfg = Release|x86
		{A8861372-0FE2-45E5-9DED-73B55AC4196C}.Release|x86.Build.0 = Release|x86
		{AD054F7A-C944-4BA3-8CD8-CA275184BD33}.Debug|Any CPU.ActiveCfg = Debug|Any CPU
		{AD054F7A-C944-4BA3-8CD8-CA275184BD33}.Debug|Any CPU.Build.0 = Debug|Any CPU
		{AD054F7A-C944-4BA3-8CD8-CA275184BD33}.Debug|x86.ActiveCfg = Debug|x86
		{AD054F7A-C944-4BA3-8CD8-CA275184BD33}.Debug|x86.Build.0 = Debug|x86
		{AD054F7A-C944-4BA3-8CD8-CA275184BD33}.Mono|Any CPU.ActiveCfg = Mono|Any CPU
		{AD054F7A-C944-4BA3-8CD8-CA275184BD33}.Mono|Any CPU.Build.0 = Mono|Any CPU
		{AD054F7A-C944-4BA3-8CD8-CA275184BD33}.Mono|x86.ActiveCfg = Release|Any CPU
		{AD054F7A-C944-4BA3-8CD8-CA275184BD33}.Release|Any CPU.ActiveCfg = Release|Any CPU
		{AD054F7A-C944-4BA3-8CD8-CA275184BD33}.Release|Any CPU.Build.0 = Release|Any CPU
		{AD054F7A-C944-4BA3-8CD8-CA275184BD33}.Release|x86.ActiveCfg = Release|x86
		{AD054F7A-C944-4BA3-8CD8-CA275184BD33}.Release|x86.Build.0 = Release|x86
		{A04A48C2-112D-4EE3-A6B0-3784A1315BCF}.Debug|Any CPU.ActiveCfg = Debug|Any CPU
		{A04A48C2-112D-4EE3-A6B0-3784A1315BCF}.Debug|Any CPU.Build.0 = Debug|Any CPU
		{A04A48C2-112D-4EE3-A6B0-3784A1315BCF}.Debug|x86.ActiveCfg = Debug|x86
		{A04A48C2-112D-4EE3-A6B0-3784A1315BCF}.Debug|x86.Build.0 = Debug|x86
		{A04A48C2-112D-4EE3-A6B0-3784A1315BCF}.Mono|Any CPU.ActiveCfg = Mono|Any CPU
		{A04A48C2-112D-4EE3-A6B0-3784A1315BCF}.Mono|x86.ActiveCfg = Release|Any CPU
		{A04A48C2-112D-4EE3-A6B0-3784A1315BCF}.Release|Any CPU.ActiveCfg = Release|Any CPU
		{A04A48C2-112D-4EE3-A6B0-3784A1315BCF}.Release|Any CPU.Build.0 = Release|Any CPU
		{A04A48C2-112D-4EE3-A6B0-3784A1315BCF}.Release|x86.ActiveCfg = Release|x86
		{A04A48C2-112D-4EE3-A6B0-3784A1315BCF}.Release|x86.Build.0 = Release|x86
		{374F5805-28DB-4BCA-8062-BF802793BD4F}.Debug|Any CPU.ActiveCfg = Debug|Any CPU
		{374F5805-28DB-4BCA-8062-BF802793BD4F}.Debug|Any CPU.Build.0 = Debug|Any CPU
		{374F5805-28DB-4BCA-8062-BF802793BD4F}.Debug|x86.ActiveCfg = Debug|x86
		{374F5805-28DB-4BCA-8062-BF802793BD4F}.Debug|x86.Build.0 = Debug|x86
		{374F5805-28DB-4BCA-8062-BF802793BD4F}.Mono|Any CPU.ActiveCfg = Mono|Any CPU
		{374F5805-28DB-4BCA-8062-BF802793BD4F}.Mono|Any CPU.Build.0 = Mono|Any CPU
		{374F5805-28DB-4BCA-8062-BF802793BD4F}.Mono|x86.ActiveCfg = Release|Any CPU
		{374F5805-28DB-4BCA-8062-BF802793BD4F}.Release|Any CPU.ActiveCfg = Release|Any CPU
		{374F5805-28DB-4BCA-8062-BF802793BD4F}.Release|Any CPU.Build.0 = Release|Any CPU
		{374F5805-28DB-4BCA-8062-BF802793BD4F}.Release|x86.ActiveCfg = Release|x86
		{374F5805-28DB-4BCA-8062-BF802793BD4F}.Release|x86.Build.0 = Release|x86
		{383F4F83-8228-4B9A-9757-250043B6E30B}.Debug|Any CPU.ActiveCfg = Debug|Any CPU
		{383F4F83-8228-4B9A-9757-250043B6E30B}.Debug|Any CPU.Build.0 = Debug|Any CPU
		{383F4F83-8228-4B9A-9757-250043B6E30B}.Debug|x86.ActiveCfg = Debug|x86
		{383F4F83-8228-4B9A-9757-250043B6E30B}.Debug|x86.Build.0 = Debug|x86
		{383F4F83-8228-4B9A-9757-250043B6E30B}.Mono|Any CPU.ActiveCfg = Mono|Any CPU
		{383F4F83-8228-4B9A-9757-250043B6E30B}.Mono|x86.ActiveCfg = Release|Any CPU
		{383F4F83-8228-4B9A-9757-250043B6E30B}.Release|Any CPU.ActiveCfg = Release|Any CPU
		{383F4F83-8228-4B9A-9757-250043B6E30B}.Release|Any CPU.Build.0 = Release|Any CPU
		{383F4F83-8228-4B9A-9757-250043B6E30B}.Release|x86.ActiveCfg = Release|x86
		{383F4F83-8228-4B9A-9757-250043B6E30B}.Release|x86.Build.0 = Release|x86
		{1FEC4033-C80F-4CF1-835C-BBEE0E7F6803}.Debug|Any CPU.ActiveCfg = Debug|Any CPU
		{1FEC4033-C80F-4CF1-835C-BBEE0E7F6803}.Debug|Any CPU.Build.0 = Debug|Any CPU
		{1FEC4033-C80F-4CF1-835C-BBEE0E7F6803}.Debug|x86.ActiveCfg = Debug|x86
		{1FEC4033-C80F-4CF1-835C-BBEE0E7F6803}.Debug|x86.Build.0 = Debug|x86
		{1FEC4033-C80F-4CF1-835C-BBEE0E7F6803}.Mono|Any CPU.ActiveCfg = Mono|Any CPU
		{1FEC4033-C80F-4CF1-835C-BBEE0E7F6803}.Mono|x86.ActiveCfg = Release|Any CPU
		{1FEC4033-C80F-4CF1-835C-BBEE0E7F6803}.Release|Any CPU.ActiveCfg = Release|Any CPU
		{1FEC4033-C80F-4CF1-835C-BBEE0E7F6803}.Release|Any CPU.Build.0 = Release|Any CPU
		{1FEC4033-C80F-4CF1-835C-BBEE0E7F6803}.Release|x86.ActiveCfg = Release|x86
		{1FEC4033-C80F-4CF1-835C-BBEE0E7F6803}.Release|x86.Build.0 = Release|x86
		{AF33B063-D523-493E-951A-29C930A49002}.Debug|Any CPU.ActiveCfg = Debug|Any CPU
		{AF33B063-D523-493E-951A-29C930A49002}.Debug|Any CPU.Build.0 = Debug|Any CPU
		{AF33B063-D523-493E-951A-29C930A49002}.Debug|x86.ActiveCfg = Debug|x86
		{AF33B063-D523-493E-951A-29C930A49002}.Debug|x86.Build.0 = Debug|x86
		{AF33B063-D523-493E-951A-29C930A49002}.Mono|Any CPU.ActiveCfg = Mono|Any CPU
		{AF33B063-D523-493E-951A-29C930A49002}.Mono|x86.ActiveCfg = Release|Any CPU
		{AF33B063-D523-493E-951A-29C930A49002}.Release|Any CPU.ActiveCfg = Release|Any CPU
		{AF33B063-D523-493E-951A-29C930A49002}.Release|Any CPU.Build.0 = Release|Any CPU
		{AF33B063-D523-493E-951A-29C930A49002}.Release|x86.ActiveCfg = Release|x86
		{AF33B063-D523-493E-951A-29C930A49002}.Release|x86.Build.0 = Release|x86
		{69846364-E3F5-4086-B9FE-D447BB7E56C3}.Debug|Any CPU.ActiveCfg = Debug|Any CPU
		{69846364-E3F5-4086-B9FE-D447BB7E56C3}.Debug|Any CPU.Build.0 = Debug|Any CPU
		{69846364-E3F5-4086-B9FE-D447BB7E56C3}.Debug|x86.ActiveCfg = Debug|x86
		{69846364-E3F5-4086-B9FE-D447BB7E56C3}.Debug|x86.Build.0 = Debug|x86
		{69846364-E3F5-4086-B9FE-D447BB7E56C3}.Mono|Any CPU.ActiveCfg = Mono|Any CPU
		{69846364-E3F5-4086-B9FE-D447BB7E56C3}.Mono|Any CPU.Build.0 = Mono|Any CPU
		{69846364-E3F5-4086-B9FE-D447BB7E56C3}.Mono|x86.ActiveCfg = Release|Any CPU
		{69846364-E3F5-4086-B9FE-D447BB7E56C3}.Release|Any CPU.ActiveCfg = Release|Any CPU
		{69846364-E3F5-4086-B9FE-D447BB7E56C3}.Release|Any CPU.Build.0 = Release|Any CPU
		{69846364-E3F5-4086-B9FE-D447BB7E56C3}.Release|x86.ActiveCfg = Release|x86
		{69846364-E3F5-4086-B9FE-D447BB7E56C3}.Release|x86.Build.0 = Release|x86
		{3F0B62F6-99B8-4F57-8C58-0B4B862358EA}.Debug|Any CPU.ActiveCfg = Debug|Any CPU
		{3F0B62F6-99B8-4F57-8C58-0B4B862358EA}.Debug|Any CPU.Build.0 = Debug|Any CPU
		{3F0B62F6-99B8-4F57-8C58-0B4B862358EA}.Debug|x86.ActiveCfg = Debug|x86
		{3F0B62F6-99B8-4F57-8C58-0B4B862358EA}.Debug|x86.Build.0 = Debug|x86
		{3F0B62F6-99B8-4F57-8C58-0B4B862358EA}.Mono|Any CPU.ActiveCfg = Mono|Any CPU
		{3F0B62F6-99B8-4F57-8C58-0B4B862358EA}.Mono|Any CPU.Build.0 = Mono|Any CPU
		{3F0B62F6-99B8-4F57-8C58-0B4B862358EA}.Mono|x86.ActiveCfg = Release|Any CPU
		{3F0B62F6-99B8-4F57-8C58-0B4B862358EA}.Release|Any CPU.ActiveCfg = Release|Any CPU
		{3F0B62F6-99B8-4F57-8C58-0B4B862358EA}.Release|Any CPU.Build.0 = Release|Any CPU
		{3F0B62F6-99B8-4F57-8C58-0B4B862358EA}.Release|x86.ActiveCfg = Release|x86
		{3F0B62F6-99B8-4F57-8C58-0B4B862358EA}.Release|x86.Build.0 = Release|x86
		{FF3FCBA6-F01A-4EC2-BC3F-6BA832AFCF88}.Debug|Any CPU.ActiveCfg = Debug|Any CPU
		{FF3FCBA6-F01A-4EC2-BC3F-6BA832AFCF88}.Debug|Any CPU.Build.0 = Debug|Any CPU
		{FF3FCBA6-F01A-4EC2-BC3F-6BA832AFCF88}.Debug|x86.ActiveCfg = Debug|x86
		{FF3FCBA6-F01A-4EC2-BC3F-6BA832AFCF88}.Debug|x86.Build.0 = Debug|x86
		{FF3FCBA6-F01A-4EC2-BC3F-6BA832AFCF88}.Mono|Any CPU.ActiveCfg = Mono|Any CPU
		{FF3FCBA6-F01A-4EC2-BC3F-6BA832AFCF88}.Mono|Any CPU.Build.0 = Mono|Any CPU
		{FF3FCBA6-F01A-4EC2-BC3F-6BA832AFCF88}.Mono|x86.ActiveCfg = Mono|Any CPU
		{FF3FCBA6-F01A-4EC2-BC3F-6BA832AFCF88}.Release|Any CPU.ActiveCfg = Release|Any CPU
		{FF3FCBA6-F01A-4EC2-BC3F-6BA832AFCF88}.Release|Any CPU.Build.0 = Release|Any CPU
		{FF3FCBA6-F01A-4EC2-BC3F-6BA832AFCF88}.Release|x86.ActiveCfg = Release|x86
		{FF3FCBA6-F01A-4EC2-BC3F-6BA832AFCF88}.Release|x86.Build.0 = Release|x86
		{2B2EB9BE-E6A9-406F-BFE6-FF46DD6BD264}.Debug|Any CPU.ActiveCfg = Debug|Any CPU
		{2B2EB9BE-E6A9-406F-BFE6-FF46DD6BD264}.Debug|Any CPU.Build.0 = Debug|Any CPU
		{2B2EB9BE-E6A9-406F-BFE6-FF46DD6BD264}.Debug|x86.ActiveCfg = Debug|x86
		{2B2EB9BE-E6A9-406F-BFE6-FF46DD6BD264}.Debug|x86.Build.0 = Debug|x86
		{2B2EB9BE-E6A9-406F-BFE6-FF46DD6BD264}.Mono|Any CPU.ActiveCfg = Mono|Any CPU
		{2B2EB9BE-E6A9-406F-BFE6-FF46DD6BD264}.Mono|Any CPU.Build.0 = Mono|Any CPU
		{2B2EB9BE-E6A9-406F-BFE6-FF46DD6BD264}.Mono|x86.ActiveCfg = Mono|Any CPU
		{2B2EB9BE-E6A9-406F-BFE6-FF46DD6BD264}.Release|Any CPU.ActiveCfg = Release|Any CPU
		{2B2EB9BE-E6A9-406F-BFE6-FF46DD6BD264}.Release|Any CPU.Build.0 = Release|Any CPU
		{2B2EB9BE-E6A9-406F-BFE6-FF46DD6BD264}.Release|x86.ActiveCfg = Release|x86
		{2B2EB9BE-E6A9-406F-BFE6-FF46DD6BD264}.Release|x86.Build.0 = Release|x86
		{4060E729-EFFD-4E50-A0D5-99C0990EF7DA}.Debug|Any CPU.ActiveCfg = Debug|Any CPU
		{4060E729-EFFD-4E50-A0D5-99C0990EF7DA}.Debug|Any CPU.Build.0 = Debug|Any CPU
		{4060E729-EFFD-4E50-A0D5-99C0990EF7DA}.Debug|x86.ActiveCfg = Debug|x86
		{4060E729-EFFD-4E50-A0D5-99C0990EF7DA}.Debug|x86.Build.0 = Debug|x86
		{4060E729-EFFD-4E50-A0D5-99C0990EF7DA}.Mono|Any CPU.ActiveCfg = Mono|Any CPU
		{4060E729-EFFD-4E50-A0D5-99C0990EF7DA}.Mono|Any CPU.Build.0 = Mono|Any CPU
		{4060E729-EFFD-4E50-A0D5-99C0990EF7DA}.Mono|x86.ActiveCfg = Mono|Any CPU
		{4060E729-EFFD-4E50-A0D5-99C0990EF7DA}.Release|Any CPU.ActiveCfg = Release|Any CPU
		{4060E729-EFFD-4E50-A0D5-99C0990EF7DA}.Release|Any CPU.Build.0 = Release|Any CPU
		{4060E729-EFFD-4E50-A0D5-99C0990EF7DA}.Release|x86.ActiveCfg = Release|x86
		{4060E729-EFFD-4E50-A0D5-99C0990EF7DA}.Release|x86.Build.0 = Release|x86
		{C4524980-9901-4370-A49F-657761258E43}.Debug|Any CPU.ActiveCfg = Debug|Any CPU
		{C4524980-9901-4370-A49F-657761258E43}.Debug|Any CPU.Build.0 = Debug|Any CPU
		{C4524980-9901-4370-A49F-657761258E43}.Debug|x86.ActiveCfg = Debug|x86
		{C4524980-9901-4370-A49F-657761258E43}.Debug|x86.Build.0 = Debug|x86
		{C4524980-9901-4370-A49F-657761258E43}.Mono|Any CPU.ActiveCfg = Mono|Any CPU
		{C4524980-9901-4370-A49F-657761258E43}.Mono|Any CPU.Build.0 = Mono|Any CPU
		{C4524980-9901-4370-A49F-657761258E43}.Mono|x86.ActiveCfg = Mono|Any CPU
		{C4524980-9901-4370-A49F-657761258E43}.Release|Any CPU.ActiveCfg = Release|Any CPU
		{C4524980-9901-4370-A49F-657761258E43}.Release|Any CPU.Build.0 = Release|Any CPU
		{C4524980-9901-4370-A49F-657761258E43}.Release|x86.ActiveCfg = Release|x86
		{C4524980-9901-4370-A49F-657761258E43}.Release|x86.Build.0 = Release|x86
		{0622C318-5032-4D56-BB71-5CE64B502FB0}.Debug|Any CPU.ActiveCfg = Debug|Any CPU
		{0622C318-5032-4D56-BB71-5CE64B502FB0}.Debug|Any CPU.Build.0 = Debug|Any CPU
		{0622C318-5032-4D56-BB71-5CE64B502FB0}.Debug|x86.ActiveCfg = Debug|x86
		{0622C318-5032-4D56-BB71-5CE64B502FB0}.Debug|x86.Build.0 = Debug|x86
		{0622C318-5032-4D56-BB71-5CE64B502FB0}.Mono|Any CPU.ActiveCfg = Mono|Any CPU
		{0622C318-5032-4D56-BB71-5CE64B502FB0}.Mono|Any CPU.Build.0 = Mono|Any CPU
		{0622C318-5032-4D56-BB71-5CE64B502FB0}.Mono|x86.ActiveCfg = Mono|Any CPU
		{0622C318-5032-4D56-BB71-5CE64B502FB0}.Release|Any CPU.ActiveCfg = Release|Any CPU
		{0622C318-5032-4D56-BB71-5CE64B502FB0}.Release|Any CPU.Build.0 = Release|Any CPU
		{0622C318-5032-4D56-BB71-5CE64B502FB0}.Release|x86.ActiveCfg = Release|x86
		{0622C318-5032-4D56-BB71-5CE64B502FB0}.Release|x86.Build.0 = Release|x86
		{2E23E926-CF64-4607-BDE1-1B2FC76F4919}.Debug|Any CPU.ActiveCfg = Debug|Any CPU
		{2E23E926-CF64-4607-BDE1-1B2FC76F4919}.Debug|Any CPU.Build.0 = Debug|Any CPU
		{2E23E926-CF64-4607-BDE1-1B2FC76F4919}.Debug|x86.ActiveCfg = Debug|x86
		{2E23E926-CF64-4607-BDE1-1B2FC76F4919}.Debug|x86.Build.0 = Debug|x86
		{2E23E926-CF64-4607-BDE1-1B2FC76F4919}.Mono|Any CPU.ActiveCfg = Mono|Any CPU
		{2E23E926-CF64-4607-BDE1-1B2FC76F4919}.Mono|Any CPU.Build.0 = Mono|Any CPU
		{2E23E926-CF64-4607-BDE1-1B2FC76F4919}.Mono|x86.ActiveCfg = Mono|Any CPU
		{2E23E926-CF64-4607-BDE1-1B2FC76F4919}.Release|Any CPU.ActiveCfg = Release|Any CPU
		{2E23E926-CF64-4607-BDE1-1B2FC76F4919}.Release|Any CPU.Build.0 = Release|Any CPU
		{2E23E926-CF64-4607-BDE1-1B2FC76F4919}.Release|x86.ActiveCfg = Release|x86
		{2E23E926-CF64-4607-BDE1-1B2FC76F4919}.Release|x86.Build.0 = Release|x86
		{412F9F59-D9B9-4C8E-96D2-20492644198C}.Debug|Any CPU.ActiveCfg = Debug|Any CPU
		{412F9F59-D9B9-4C8E-96D2-20492644198C}.Debug|Any CPU.Build.0 = Debug|Any CPU
		{412F9F59-D9B9-4C8E-96D2-20492644198C}.Debug|x86.ActiveCfg = Debug|x86
		{412F9F59-D9B9-4C8E-96D2-20492644198C}.Debug|x86.Build.0 = Debug|x86
		{412F9F59-D9B9-4C8E-96D2-20492644198C}.Mono|Any CPU.ActiveCfg = Mono|Any CPU
		{412F9F59-D9B9-4C8E-96D2-20492644198C}.Mono|Any CPU.Build.0 = Mono|Any CPU
		{412F9F59-D9B9-4C8E-96D2-20492644198C}.Mono|x86.ActiveCfg = Release|Any CPU
		{412F9F59-D9B9-4C8E-96D2-20492644198C}.Release|Any CPU.ActiveCfg = Release|Any CPU
		{412F9F59-D9B9-4C8E-96D2-20492644198C}.Release|Any CPU.Build.0 = Release|Any CPU
		{412F9F59-D9B9-4C8E-96D2-20492644198C}.Release|x86.ActiveCfg = Release|x86
		{412F9F59-D9B9-4C8E-96D2-20492644198C}.Release|x86.Build.0 = Release|x86
		{0501C2DC-3428-4413-AE92-F0D82FF3DBBC}.Debug|Any CPU.ActiveCfg = Debug|Any CPU
		{0501C2DC-3428-4413-AE92-F0D82FF3DBBC}.Debug|Any CPU.Build.0 = Debug|Any CPU
		{0501C2DC-3428-4413-AE92-F0D82FF3DBBC}.Debug|x86.ActiveCfg = Debug|x86
		{0501C2DC-3428-4413-AE92-F0D82FF3DBBC}.Debug|x86.Build.0 = Debug|x86
		{0501C2DC-3428-4413-AE92-F0D82FF3DBBC}.Mono|Any CPU.ActiveCfg = Mono|Any CPU
		{0501C2DC-3428-4413-AE92-F0D82FF3DBBC}.Mono|Any CPU.Build.0 = Mono|Any CPU
		{0501C2DC-3428-4413-AE92-F0D82FF3DBBC}.Mono|x86.ActiveCfg = Mono|Any CPU
		{0501C2DC-3428-4413-AE92-F0D82FF3DBBC}.Release|Any CPU.ActiveCfg = Release|Any CPU
		{0501C2DC-3428-4413-AE92-F0D82FF3DBBC}.Release|Any CPU.Build.0 = Release|Any CPU
		{0501C2DC-3428-4413-AE92-F0D82FF3DBBC}.Release|x86.ActiveCfg = Release|x86
		{0501C2DC-3428-4413-AE92-F0D82FF3DBBC}.Release|x86.Build.0 = Release|x86
		{EA70C8AA-60DE-4FFD-B1D9-B5406395B1AF}.Debug|Any CPU.ActiveCfg = Debug|Any CPU
		{EA70C8AA-60DE-4FFD-B1D9-B5406395B1AF}.Debug|Any CPU.Build.0 = Debug|Any CPU
		{EA70C8AA-60DE-4FFD-B1D9-B5406395B1AF}.Debug|x86.ActiveCfg = Debug|x86
		{EA70C8AA-60DE-4FFD-B1D9-B5406395B1AF}.Debug|x86.Build.0 = Debug|x86
		{EA70C8AA-60DE-4FFD-B1D9-B5406395B1AF}.Mono|Any CPU.ActiveCfg = Mono|Any CPU
		{EA70C8AA-60DE-4FFD-B1D9-B5406395B1AF}.Mono|Any CPU.Build.0 = Mono|Any CPU
		{EA70C8AA-60DE-4FFD-B1D9-B5406395B1AF}.Mono|x86.ActiveCfg = Mono|Any CPU
		{EA70C8AA-60DE-4FFD-B1D9-B5406395B1AF}.Release|Any CPU.ActiveCfg = Release|Any CPU
		{EA70C8AA-60DE-4FFD-B1D9-B5406395B1AF}.Release|Any CPU.Build.0 = Release|Any CPU
		{EA70C8AA-60DE-4FFD-B1D9-B5406395B1AF}.Release|x86.ActiveCfg = Release|x86
		{EA70C8AA-60DE-4FFD-B1D9-B5406395B1AF}.Release|x86.Build.0 = Release|x86
		{7ED01B57-DD71-4A38-BB29-65D629224A12}.Debug|Any CPU.ActiveCfg = Debug|Any CPU
		{7ED01B57-DD71-4A38-BB29-65D629224A12}.Debug|Any CPU.Build.0 = Debug|Any CPU
		{7ED01B57-DD71-4A38-BB29-65D629224A12}.Debug|x86.ActiveCfg = Debug|x86
		{7ED01B57-DD71-4A38-BB29-65D629224A12}.Debug|x86.Build.0 = Debug|x86
		{7ED01B57-DD71-4A38-BB29-65D629224A12}.Mono|Any CPU.ActiveCfg = Mono|Any CPU
		{7ED01B57-DD71-4A38-BB29-65D629224A12}.Mono|x86.ActiveCfg = Release|Any CPU
		{7ED01B57-DD71-4A38-BB29-65D629224A12}.Release|Any CPU.ActiveCfg = Release|Any CPU
		{7ED01B57-DD71-4A38-BB29-65D629224A12}.Release|Any CPU.Build.0 = Release|Any CPU
		{7ED01B57-DD71-4A38-BB29-65D629224A12}.Release|x86.ActiveCfg = Release|x86
		{7ED01B57-DD71-4A38-BB29-65D629224A12}.Release|x86.Build.0 = Release|x86
		{5AF0D55A-30BF-46A5-8A47-FA885F56BFEF}.Debug|Any CPU.ActiveCfg = Debug|Any CPU
		{5AF0D55A-30BF-46A5-8A47-FA885F56BFEF}.Debug|Any CPU.Build.0 = Debug|Any CPU
		{5AF0D55A-30BF-46A5-8A47-FA885F56BFEF}.Debug|x86.ActiveCfg = Debug|x86
		{5AF0D55A-30BF-46A5-8A47-FA885F56BFEF}.Debug|x86.Build.0 = Debug|x86
		{5AF0D55A-30BF-46A5-8A47-FA885F56BFEF}.Mono|Any CPU.ActiveCfg = Mono|Any CPU
		{5AF0D55A-30BF-46A5-8A47-FA885F56BFEF}.Mono|x86.ActiveCfg = Release|Any CPU
		{5AF0D55A-30BF-46A5-8A47-FA885F56BFEF}.Release|Any CPU.ActiveCfg = Release|Any CPU
		{5AF0D55A-30BF-46A5-8A47-FA885F56BFEF}.Release|Any CPU.Build.0 = Release|Any CPU
		{5AF0D55A-30BF-46A5-8A47-FA885F56BFEF}.Release|x86.ActiveCfg = Release|x86
		{5AF0D55A-30BF-46A5-8A47-FA885F56BFEF}.Release|x86.Build.0 = Release|x86
		{0F8E8EFC-E7C7-4843-8EE6-8C7C7353892A}.Debug|Any CPU.ActiveCfg = Debug|Any CPU
		{0F8E8EFC-E7C7-4843-8EE6-8C7C7353892A}.Debug|Any CPU.Build.0 = Debug|Any CPU
		{0F8E8EFC-E7C7-4843-8EE6-8C7C7353892A}.Debug|x86.ActiveCfg = Debug|x86
		{0F8E8EFC-E7C7-4843-8EE6-8C7C7353892A}.Debug|x86.Build.0 = Debug|x86
		{0F8E8EFC-E7C7-4843-8EE6-8C7C7353892A}.Mono|Any CPU.ActiveCfg = Mono|Any CPU
		{0F8E8EFC-E7C7-4843-8EE6-8C7C7353892A}.Mono|Any CPU.Build.0 = Mono|Any CPU
		{0F8E8EFC-E7C7-4843-8EE6-8C7C7353892A}.Mono|x86.ActiveCfg = Release|Any CPU
		{0F8E8EFC-E7C7-4843-8EE6-8C7C7353892A}.Release|Any CPU.ActiveCfg = Release|Any CPU
		{0F8E8EFC-E7C7-4843-8EE6-8C7C7353892A}.Release|Any CPU.Build.0 = Release|Any CPU
		{0F8E8EFC-E7C7-4843-8EE6-8C7C7353892A}.Release|x86.ActiveCfg = Release|x86
		{0F8E8EFC-E7C7-4843-8EE6-8C7C7353892A}.Release|x86.Build.0 = Release|x86
		{72713097-3BE3-4FA7-97B5-7EC3A2BA8316}.Debug|Any CPU.ActiveCfg = Debug|Any CPU
		{72713097-3BE3-4FA7-97B5-7EC3A2BA8316}.Debug|Any CPU.Build.0 = Debug|Any CPU
		{72713097-3BE3-4FA7-97B5-7EC3A2BA8316}.Debug|x86.ActiveCfg = Debug|x86
		{72713097-3BE3-4FA7-97B5-7EC3A2BA8316}.Debug|x86.Build.0 = Debug|x86
		{72713097-3BE3-4FA7-97B5-7EC3A2BA8316}.Mono|Any CPU.ActiveCfg = Mono|Any CPU
		{72713097-3BE3-4FA7-97B5-7EC3A2BA8316}.Mono|Any CPU.Build.0 = Mono|Any CPU
		{72713097-3BE3-4FA7-97B5-7EC3A2BA8316}.Mono|x86.ActiveCfg = Release|Any CPU
		{72713097-3BE3-4FA7-97B5-7EC3A2BA8316}.Release|Any CPU.ActiveCfg = Release|Any CPU
		{72713097-3BE3-4FA7-97B5-7EC3A2BA8316}.Release|Any CPU.Build.0 = Release|Any CPU
		{72713097-3BE3-4FA7-97B5-7EC3A2BA8316}.Release|x86.ActiveCfg = Release|x86
		{72713097-3BE3-4FA7-97B5-7EC3A2BA8316}.Release|x86.Build.0 = Release|x86
		{7E1ABF87-8936-44E5-85C0-37044E0D3877}.Debug|Any CPU.ActiveCfg = Debug|Any CPU
		{7E1ABF87-8936-44E5-85C0-37044E0D3877}.Debug|Any CPU.Build.0 = Debug|Any CPU
		{7E1ABF87-8936-44E5-85C0-37044E0D3877}.Debug|x86.ActiveCfg = Debug|x86
		{7E1ABF87-8936-44E5-85C0-37044E0D3877}.Debug|x86.Build.0 = Debug|x86
		{7E1ABF87-8936-44E5-85C0-37044E0D3877}.Mono|Any CPU.ActiveCfg = Mono|Any CPU
		{7E1ABF87-8936-44E5-85C0-37044E0D3877}.Mono|Any CPU.Build.0 = Mono|Any CPU
		{7E1ABF87-8936-44E5-85C0-37044E0D3877}.Mono|x86.ActiveCfg = Release|Any CPU
		{7E1ABF87-8936-44E5-85C0-37044E0D3877}.Release|Any CPU.ActiveCfg = Release|Any CPU
		{7E1ABF87-8936-44E5-85C0-37044E0D3877}.Release|Any CPU.Build.0 = Release|Any CPU
		{7E1ABF87-8936-44E5-85C0-37044E0D3877}.Release|x86.ActiveCfg = Release|x86
		{7E1ABF87-8936-44E5-85C0-37044E0D3877}.Release|x86.Build.0 = Release|x86
		{B561487F-79CC-4982-848E-C12F44B4669C}.Debug|Any CPU.ActiveCfg = Debug|Any CPU
		{B561487F-79CC-4982-848E-C12F44B4669C}.Debug|Any CPU.Build.0 = Debug|Any CPU
		{B561487F-79CC-4982-848E-C12F44B4669C}.Debug|x86.ActiveCfg = Debug|x86
		{B561487F-79CC-4982-848E-C12F44B4669C}.Debug|x86.Build.0 = Debug|x86
		{B561487F-79CC-4982-848E-C12F44B4669C}.Mono|Any CPU.ActiveCfg = Mono|Any CPU
		{B561487F-79CC-4982-848E-C12F44B4669C}.Mono|Any CPU.Build.0 = Mono|Any CPU
		{B561487F-79CC-4982-848E-C12F44B4669C}.Mono|x86.ActiveCfg = Release|Any CPU
		{B561487F-79CC-4982-848E-C12F44B4669C}.Release|Any CPU.ActiveCfg = Release|Any CPU
		{B561487F-79CC-4982-848E-C12F44B4669C}.Release|Any CPU.Build.0 = Release|Any CPU
		{B561487F-79CC-4982-848E-C12F44B4669C}.Release|x86.ActiveCfg = Release|x86
		{B561487F-79CC-4982-848E-C12F44B4669C}.Release|x86.Build.0 = Release|x86
		{07016E6A-01B1-4B3D-B1D6-F9131A1BEB6E}.Debug|Any CPU.ActiveCfg = Debug|Any CPU
		{07016E6A-01B1-4B3D-B1D6-F9131A1BEB6E}.Debug|Any CPU.Build.0 = Debug|Any CPU
		{07016E6A-01B1-4B3D-B1D6-F9131A1BEB6E}.Debug|x86.ActiveCfg = Debug|x86
		{07016E6A-01B1-4B3D-B1D6-F9131A1BEB6E}.Debug|x86.Build.0 = Debug|x86
		{07016E6A-01B1-4B3D-B1D6-F9131A1BEB6E}.Mono|Any CPU.ActiveCfg = Mono|Any CPU
		{07016E6A-01B1-4B3D-B1D6-F9131A1BEB6E}.Mono|Any CPU.Build.0 = Mono|Any CPU
		{07016E6A-01B1-4B3D-B1D6-F9131A1BEB6E}.Mono|x86.ActiveCfg = Release|Any CPU
		{07016E6A-01B1-4B3D-B1D6-F9131A1BEB6E}.Release|Any CPU.ActiveCfg = Release|Any CPU
		{07016E6A-01B1-4B3D-B1D6-F9131A1BEB6E}.Release|Any CPU.Build.0 = Release|Any CPU
		{07016E6A-01B1-4B3D-B1D6-F9131A1BEB6E}.Release|x86.ActiveCfg = Release|x86
		{07016E6A-01B1-4B3D-B1D6-F9131A1BEB6E}.Release|x86.Build.0 = Release|x86
		{2E9DA7CC-960A-40A6-BC90-1FBD7B7994F0}.Debug|Any CPU.ActiveCfg = Debug|Any CPU
		{2E9DA7CC-960A-40A6-BC90-1FBD7B7994F0}.Debug|Any CPU.Build.0 = Debug|Any CPU
		{2E9DA7CC-960A-40A6-BC90-1FBD7B7994F0}.Debug|x86.ActiveCfg = Debug|x86
		{2E9DA7CC-960A-40A6-BC90-1FBD7B7994F0}.Debug|x86.Build.0 = Debug|x86
		{2E9DA7CC-960A-40A6-BC90-1FBD7B7994F0}.Mono|Any CPU.ActiveCfg = Mono|Any CPU
		{2E9DA7CC-960A-40A6-BC90-1FBD7B7994F0}.Mono|x86.ActiveCfg = Release|Any CPU
		{2E9DA7CC-960A-40A6-BC90-1FBD7B7994F0}.Release|Any CPU.ActiveCfg = Release|Any CPU
		{2E9DA7CC-960A-40A6-BC90-1FBD7B7994F0}.Release|Any CPU.Build.0 = Release|Any CPU
		{2E9DA7CC-960A-40A6-BC90-1FBD7B7994F0}.Release|x86.ActiveCfg = Release|x86
		{2E9DA7CC-960A-40A6-BC90-1FBD7B7994F0}.Release|x86.Build.0 = Release|x86
		{3FD4D092-3E0F-41C1-BE8A-E0A924E76039}.Debug|Any CPU.ActiveCfg = Debug|Any CPU
		{3FD4D092-3E0F-41C1-BE8A-E0A924E76039}.Debug|Any CPU.Build.0 = Debug|Any CPU
		{3FD4D092-3E0F-41C1-BE8A-E0A924E76039}.Debug|x86.ActiveCfg = Debug|x86
		{3FD4D092-3E0F-41C1-BE8A-E0A924E76039}.Mono|Any CPU.ActiveCfg = Mono|Any CPU
		{3FD4D092-3E0F-41C1-BE8A-E0A924E76039}.Mono|x86.ActiveCfg = Release|Any CPU
		{3FD4D092-3E0F-41C1-BE8A-E0A924E76039}.Release|Any CPU.ActiveCfg = Release|Any CPU
		{3FD4D092-3E0F-41C1-BE8A-E0A924E76039}.Release|Any CPU.Build.0 = Release|Any CPU
		{3FD4D092-3E0F-41C1-BE8A-E0A924E76039}.Release|x86.ActiveCfg = Release|x86
		{B4B5A12E-412E-4382-B991-3B67653F533C}.Debug|Any CPU.ActiveCfg = Debug|Any CPU
		{B4B5A12E-412E-4382-B991-3B67653F533C}.Debug|Any CPU.Build.0 = Debug|Any CPU
		{B4B5A12E-412E-4382-B991-3B67653F533C}.Debug|x86.ActiveCfg = Debug|x86
		{B4B5A12E-412E-4382-B991-3B67653F533C}.Debug|x86.Build.0 = Debug|x86
		{B4B5A12E-412E-4382-B991-3B67653F533C}.Mono|Any CPU.ActiveCfg = Mono|Any CPU
		{B4B5A12E-412E-4382-B991-3B67653F533C}.Mono|Any CPU.Build.0 = Mono|Any CPU
		{B4B5A12E-412E-4382-B991-3B67653F533C}.Mono|x86.ActiveCfg = Release|Any CPU
		{B4B5A12E-412E-4382-B991-3B67653F533C}.Release|Any CPU.ActiveCfg = Release|Any CPU
		{B4B5A12E-412E-4382-B991-3B67653F533C}.Release|Any CPU.Build.0 = Release|Any CPU
		{B4B5A12E-412E-4382-B991-3B67653F533C}.Release|x86.ActiveCfg = Release|x86
		{B4B5A12E-412E-4382-B991-3B67653F533C}.Release|x86.Build.0 = Release|x86
		{54CA98CC-2F0A-41F2-879D-0E42B17E8544}.Debug|Any CPU.ActiveCfg = Debug|Any CPU
		{54CA98CC-2F0A-41F2-879D-0E42B17E8544}.Debug|Any CPU.Build.0 = Debug|Any CPU
		{54CA98CC-2F0A-41F2-879D-0E42B17E8544}.Debug|x86.ActiveCfg = Debug|x86
		{54CA98CC-2F0A-41F2-879D-0E42B17E8544}.Debug|x86.Build.0 = Debug|x86
		{54CA98CC-2F0A-41F2-879D-0E42B17E8544}.Mono|Any CPU.ActiveCfg = Mono|Any CPU
		{54CA98CC-2F0A-41F2-879D-0E42B17E8544}.Mono|Any CPU.Build.0 = Mono|Any CPU
		{54CA98CC-2F0A-41F2-879D-0E42B17E8544}.Mono|x86.ActiveCfg = Release|Any CPU
		{54CA98CC-2F0A-41F2-879D-0E42B17E8544}.Release|Any CPU.ActiveCfg = Release|Any CPU
		{54CA98CC-2F0A-41F2-879D-0E42B17E8544}.Release|Any CPU.Build.0 = Release|Any CPU
		{54CA98CC-2F0A-41F2-879D-0E42B17E8544}.Release|x86.ActiveCfg = Release|x86
		{54CA98CC-2F0A-41F2-879D-0E42B17E8544}.Release|x86.Build.0 = Release|x86
		{5E1CD41C-6CB0-45D1-AA73-191A36028CE7}.Debug|Any CPU.ActiveCfg = Debug|Any CPU
		{5E1CD41C-6CB0-45D1-AA73-191A36028CE7}.Debug|Any CPU.Build.0 = Debug|Any CPU
		{5E1CD41C-6CB0-45D1-AA73-191A36028CE7}.Debug|x86.ActiveCfg = Debug|x86
		{5E1CD41C-6CB0-45D1-AA73-191A36028CE7}.Debug|x86.Build.0 = Debug|x86
		{5E1CD41C-6CB0-45D1-AA73-191A36028CE7}.Mono|Any CPU.ActiveCfg = Mono|Any CPU
		{5E1CD41C-6CB0-45D1-AA73-191A36028CE7}.Mono|Any CPU.Build.0 = Mono|Any CPU
		{5E1CD41C-6CB0-45D1-AA73-191A36028CE7}.Mono|x86.ActiveCfg = Release|Any CPU
		{5E1CD41C-6CB0-45D1-AA73-191A36028CE7}.Release|Any CPU.ActiveCfg = Release|Any CPU
		{5E1CD41C-6CB0-45D1-AA73-191A36028CE7}.Release|Any CPU.Build.0 = Release|Any CPU
		{5E1CD41C-6CB0-45D1-AA73-191A36028CE7}.Release|x86.ActiveCfg = Release|x86
		{5E1CD41C-6CB0-45D1-AA73-191A36028CE7}.Release|x86.Build.0 = Release|x86
		{8A1BCFAA-19E8-408A-8C72-170B1211DC27}.Debug|Any CPU.ActiveCfg = Debug|Any CPU
		{8A1BCFAA-19E8-408A-8C72-170B1211DC27}.Debug|Any CPU.Build.0 = Debug|Any CPU
		{8A1BCFAA-19E8-408A-8C72-170B1211DC27}.Debug|x86.ActiveCfg = Debug|x86
		{8A1BCFAA-19E8-408A-8C72-170B1211DC27}.Debug|x86.Build.0 = Debug|x86
		{8A1BCFAA-19E8-408A-8C72-170B1211DC27}.Mono|Any CPU.ActiveCfg = Mono|Any CPU
		{8A1BCFAA-19E8-408A-8C72-170B1211DC27}.Mono|Any CPU.Build.0 = Mono|Any CPU
		{8A1BCFAA-19E8-408A-8C72-170B1211DC27}.Mono|x86.ActiveCfg = Release|Any CPU
		{8A1BCFAA-19E8-408A-8C72-170B1211DC27}.Release|Any CPU.ActiveCfg = Release|Any CPU
		{8A1BCFAA-19E8-408A-8C72-170B1211DC27}.Release|Any CPU.Build.0 = Release|Any CPU
		{8A1BCFAA-19E8-408A-8C72-170B1211DC27}.Release|x86.ActiveCfg = Release|x86
		{8A1BCFAA-19E8-408A-8C72-170B1211DC27}.Release|x86.Build.0 = Release|x86
		{40FACE0F-06DF-474C-A87C-59C8EAC0B3F8}.Debug|Any CPU.ActiveCfg = Debug|Any CPU
		{40FACE0F-06DF-474C-A87C-59C8EAC0B3F8}.Debug|Any CPU.Build.0 = Debug|Any CPU
		{40FACE0F-06DF-474C-A87C-59C8EAC0B3F8}.Debug|x86.ActiveCfg = Debug|x86
		{40FACE0F-06DF-474C-A87C-59C8EAC0B3F8}.Debug|x86.Build.0 = Debug|x86
		{40FACE0F-06DF-474C-A87C-59C8EAC0B3F8}.Mono|Any CPU.ActiveCfg = Mono|Any CPU
		{40FACE0F-06DF-474C-A87C-59C8EAC0B3F8}.Mono|Any CPU.Build.0 = Mono|Any CPU
		{40FACE0F-06DF-474C-A87C-59C8EAC0B3F8}.Mono|x86.ActiveCfg = Release|Any CPU
		{40FACE0F-06DF-474C-A87C-59C8EAC0B3F8}.Release|Any CPU.ActiveCfg = Release|Any CPU
		{40FACE0F-06DF-474C-A87C-59C8EAC0B3F8}.Release|Any CPU.Build.0 = Release|Any CPU
		{40FACE0F-06DF-474C-A87C-59C8EAC0B3F8}.Release|x86.ActiveCfg = Release|x86
		{40FACE0F-06DF-474C-A87C-59C8EAC0B3F8}.Release|x86.Build.0 = Release|x86
		{B74CF4DA-2972-489B-AF08-419560EE57EF}.Debug|Any CPU.ActiveCfg = Debug|Any CPU
		{B74CF4DA-2972-489B-AF08-419560EE57EF}.Debug|Any CPU.Build.0 = Debug|Any CPU
		{B74CF4DA-2972-489B-AF08-419560EE57EF}.Debug|x86.ActiveCfg = Debug|x86
		{B74CF4DA-2972-489B-AF08-419560EE57EF}.Debug|x86.Build.0 = Debug|x86
		{B74CF4DA-2972-489B-AF08-419560EE57EF}.Mono|Any CPU.ActiveCfg = Mono|Any CPU
		{B74CF4DA-2972-489B-AF08-419560EE57EF}.Mono|Any CPU.Build.0 = Mono|Any CPU
		{B74CF4DA-2972-489B-AF08-419560EE57EF}.Mono|x86.ActiveCfg = Release|Any CPU
		{B74CF4DA-2972-489B-AF08-419560EE57EF}.Release|Any CPU.ActiveCfg = Release|Any CPU
		{B74CF4DA-2972-489B-AF08-419560EE57EF}.Release|Any CPU.Build.0 = Release|Any CPU
		{B74CF4DA-2972-489B-AF08-419560EE57EF}.Release|x86.ActiveCfg = Release|x86
		{B74CF4DA-2972-489B-AF08-419560EE57EF}.Release|x86.Build.0 = Release|x86
		{C4F3C41D-D76A-4283-8732-681B67B7AD74}.Debug|Any CPU.ActiveCfg = Debug|Any CPU
		{C4F3C41D-D76A-4283-8732-681B67B7AD74}.Debug|Any CPU.Build.0 = Debug|Any CPU
		{C4F3C41D-D76A-4283-8732-681B67B7AD74}.Debug|x86.ActiveCfg = Debug|x86
		{C4F3C41D-D76A-4283-8732-681B67B7AD74}.Debug|x86.Build.0 = Debug|x86
		{C4F3C41D-D76A-4283-8732-681B67B7AD74}.Mono|Any CPU.ActiveCfg = Mono|Any CPU
		{C4F3C41D-D76A-4283-8732-681B67B7AD74}.Mono|Any CPU.Build.0 = Mono|Any CPU
		{C4F3C41D-D76A-4283-8732-681B67B7AD74}.Mono|x86.ActiveCfg = Release|Any CPU
		{C4F3C41D-D76A-4283-8732-681B67B7AD74}.Release|Any CPU.ActiveCfg = Release|Any CPU
		{C4F3C41D-D76A-4283-8732-681B67B7AD74}.Release|Any CPU.Build.0 = Release|Any CPU
		{C4F3C41D-D76A-4283-8732-681B67B7AD74}.Release|x86.ActiveCfg = Release|x86
		{C4F3C41D-D76A-4283-8732-681B67B7AD74}.Release|x86.Build.0 = Release|x86
		{E349DD08-3707-4542-8ED3-BB9E106FE6FB}.Debug|Any CPU.ActiveCfg = Debug|Any CPU
		{E349DD08-3707-4542-8ED3-BB9E106FE6FB}.Debug|Any CPU.Build.0 = Debug|Any CPU
		{E349DD08-3707-4542-8ED3-BB9E106FE6FB}.Debug|x86.ActiveCfg = Debug|x86
		{E349DD08-3707-4542-8ED3-BB9E106FE6FB}.Debug|x86.Build.0 = Debug|x86
		{E349DD08-3707-4542-8ED3-BB9E106FE6FB}.Mono|Any CPU.ActiveCfg = Mono|Any CPU
		{E349DD08-3707-4542-8ED3-BB9E106FE6FB}.Mono|Any CPU.Build.0 = Mono|Any CPU
		{E349DD08-3707-4542-8ED3-BB9E106FE6FB}.Mono|x86.ActiveCfg = Release|Any CPU
		{E349DD08-3707-4542-8ED3-BB9E106FE6FB}.Release|Any CPU.ActiveCfg = Release|Any CPU
		{E349DD08-3707-4542-8ED3-BB9E106FE6FB}.Release|Any CPU.Build.0 = Release|Any CPU
		{E349DD08-3707-4542-8ED3-BB9E106FE6FB}.Release|x86.ActiveCfg = Release|x86
		{E349DD08-3707-4542-8ED3-BB9E106FE6FB}.Release|x86.Build.0 = Release|x86
		{8BDA86DB-B944-4880-9D97-E4FF04577C03}.Debug|Any CPU.ActiveCfg = Debug|Any CPU
		{8BDA86DB-B944-4880-9D97-E4FF04577C03}.Debug|Any CPU.Build.0 = Debug|Any CPU
		{8BDA86DB-B944-4880-9D97-E4FF04577C03}.Debug|x86.ActiveCfg = Debug|x86
		{8BDA86DB-B944-4880-9D97-E4FF04577C03}.Debug|x86.Build.0 = Debug|x86
		{8BDA86DB-B944-4880-9D97-E4FF04577C03}.Mono|Any CPU.ActiveCfg = Release|Any CPU
		{8BDA86DB-B944-4880-9D97-E4FF04577C03}.Mono|x86.ActiveCfg = Release|Any CPU
		{8BDA86DB-B944-4880-9D97-E4FF04577C03}.Release|Any CPU.ActiveCfg = Release|Any CPU
		{8BDA86DB-B944-4880-9D97-E4FF04577C03}.Release|Any CPU.Build.0 = Release|Any CPU
		{8BDA86DB-B944-4880-9D97-E4FF04577C03}.Release|x86.ActiveCfg = Release|x86
		{8BDA86DB-B944-4880-9D97-E4FF04577C03}.Release|x86.Build.0 = Release|x86
		{08F5CCE4-10C4-477C-B5C9-37F7D49748BC}.Debug|Any CPU.ActiveCfg = Debug|Any CPU
		{08F5CCE4-10C4-477C-B5C9-37F7D49748BC}.Debug|Any CPU.Build.0 = Debug|Any CPU
		{08F5CCE4-10C4-477C-B5C9-37F7D49748BC}.Debug|x86.ActiveCfg = Debug|x86
		{08F5CCE4-10C4-477C-B5C9-37F7D49748BC}.Debug|x86.Build.0 = Debug|x86
		{08F5CCE4-10C4-477C-B5C9-37F7D49748BC}.Mono|Any CPU.ActiveCfg = Mono|Any CPU
		{08F5CCE4-10C4-477C-B5C9-37F7D49748BC}.Mono|x86.ActiveCfg = Release|Any CPU
		{08F5CCE4-10C4-477C-B5C9-37F7D49748BC}.Release|Any CPU.ActiveCfg = Release|Any CPU
		{08F5CCE4-10C4-477C-B5C9-37F7D49748BC}.Release|Any CPU.Build.0 = Release|Any CPU
		{08F5CCE4-10C4-477C-B5C9-37F7D49748BC}.Release|x86.ActiveCfg = Release|x86
		{08F5CCE4-10C4-477C-B5C9-37F7D49748BC}.Release|x86.Build.0 = Release|x86
		{A818C4B5-52B5-4E12-917E-4854C9AB4EF3}.Debug|Any CPU.ActiveCfg = Debug|Any CPU
		{A818C4B5-52B5-4E12-917E-4854C9AB4EF3}.Debug|Any CPU.Build.0 = Debug|Any CPU
		{A818C4B5-52B5-4E12-917E-4854C9AB4EF3}.Debug|x86.ActiveCfg = Debug|x86
		{A818C4B5-52B5-4E12-917E-4854C9AB4EF3}.Debug|x86.Build.0 = Debug|x86
		{A818C4B5-52B5-4E12-917E-4854C9AB4EF3}.Mono|Any CPU.ActiveCfg = Mono|Any CPU
		{A818C4B5-52B5-4E12-917E-4854C9AB4EF3}.Mono|x86.ActiveCfg = Release|Any CPU
		{A818C4B5-52B5-4E12-917E-4854C9AB4EF3}.Release|Any CPU.ActiveCfg = Release|Any CPU
		{A818C4B5-52B5-4E12-917E-4854C9AB4EF3}.Release|Any CPU.Build.0 = Release|Any CPU
		{A818C4B5-52B5-4E12-917E-4854C9AB4EF3}.Release|x86.ActiveCfg = Release|x86
		{A818C4B5-52B5-4E12-917E-4854C9AB4EF3}.Release|x86.Build.0 = Release|x86
		{57261E91-7636-4F92-8D93-744A4AAD7EB0}.Debug|Any CPU.ActiveCfg = Debug|Any CPU
		{57261E91-7636-4F92-8D93-744A4AAD7EB0}.Debug|Any CPU.Build.0 = Debug|Any CPU
		{57261E91-7636-4F92-8D93-744A4AAD7EB0}.Debug|x86.ActiveCfg = Debug|x86
		{57261E91-7636-4F92-8D93-744A4AAD7EB0}.Debug|x86.Build.0 = Debug|x86
		{57261E91-7636-4F92-8D93-744A4AAD7EB0}.Mono|Any CPU.ActiveCfg = Mono|Any CPU
		{57261E91-7636-4F92-8D93-744A4AAD7EB0}.Mono|x86.ActiveCfg = Release|Any CPU
		{57261E91-7636-4F92-8D93-744A4AAD7EB0}.Release|Any CPU.ActiveCfg = Release|Any CPU
		{57261E91-7636-4F92-8D93-744A4AAD7EB0}.Release|Any CPU.Build.0 = Release|Any CPU
		{57261E91-7636-4F92-8D93-744A4AAD7EB0}.Release|x86.ActiveCfg = Release|x86
		{57261E91-7636-4F92-8D93-744A4AAD7EB0}.Release|x86.Build.0 = Release|x86
		{94F36768-E9A0-4783-BB0F-8C2C1771352E}.Debug|Any CPU.ActiveCfg = Debug|Any CPU
		{94F36768-E9A0-4783-BB0F-8C2C1771352E}.Debug|Any CPU.Build.0 = Debug|Any CPU
		{94F36768-E9A0-4783-BB0F-8C2C1771352E}.Debug|x86.ActiveCfg = Debug|x86
		{94F36768-E9A0-4783-BB0F-8C2C1771352E}.Debug|x86.Build.0 = Debug|x86
		{94F36768-E9A0-4783-BB0F-8C2C1771352E}.Mono|Any CPU.ActiveCfg = Mono|Any CPU
		{94F36768-E9A0-4783-BB0F-8C2C1771352E}.Mono|x86.ActiveCfg = Release|Any CPU
		{94F36768-E9A0-4783-BB0F-8C2C1771352E}.Release|Any CPU.ActiveCfg = Release|Any CPU
		{94F36768-E9A0-4783-BB0F-8C2C1771352E}.Release|Any CPU.Build.0 = Release|Any CPU
		{94F36768-E9A0-4783-BB0F-8C2C1771352E}.Release|x86.ActiveCfg = Release|x86
		{94F36768-E9A0-4783-BB0F-8C2C1771352E}.Release|x86.Build.0 = Release|x86
		{134819C5-C1BB-4ED1-BE23-49AB5FB33744}.Debug|Any CPU.ActiveCfg = Debug|Any CPU
		{134819C5-C1BB-4ED1-BE23-49AB5FB33744}.Debug|Any CPU.Build.0 = Debug|Any CPU
		{134819C5-C1BB-4ED1-BE23-49AB5FB33744}.Debug|x86.ActiveCfg = Debug|x86
		{134819C5-C1BB-4ED1-BE23-49AB5FB33744}.Debug|x86.Build.0 = Debug|x86
		{134819C5-C1BB-4ED1-BE23-49AB5FB33744}.Mono|Any CPU.ActiveCfg = Mono|Any CPU
		{134819C5-C1BB-4ED1-BE23-49AB5FB33744}.Mono|x86.ActiveCfg = Release|Any CPU
		{134819C5-C1BB-4ED1-BE23-49AB5FB33744}.Release|Any CPU.ActiveCfg = Release|Any CPU
		{134819C5-C1BB-4ED1-BE23-49AB5FB33744}.Release|Any CPU.Build.0 = Release|Any CPU
		{134819C5-C1BB-4ED1-BE23-49AB5FB33744}.Release|x86.ActiveCfg = Release|x86
		{134819C5-C1BB-4ED1-BE23-49AB5FB33744}.Release|x86.Build.0 = Release|x86
		{DE23EEF6-EE66-42DE-81B0-890B3A77B83C}.Debug|Any CPU.ActiveCfg = Debug|Any CPU
		{DE23EEF6-EE66-42DE-81B0-890B3A77B83C}.Debug|Any CPU.Build.0 = Debug|Any CPU
		{DE23EEF6-EE66-42DE-81B0-890B3A77B83C}.Debug|x86.ActiveCfg = Debug|x86
		{DE23EEF6-EE66-42DE-81B0-890B3A77B83C}.Debug|x86.Build.0 = Debug|x86
		{DE23EEF6-EE66-42DE-81B0-890B3A77B83C}.Mono|Any CPU.ActiveCfg = Mono|Any CPU
		{DE23EEF6-EE66-42DE-81B0-890B3A77B83C}.Mono|x86.ActiveCfg = Release|Any CPU
		{DE23EEF6-EE66-42DE-81B0-890B3A77B83C}.Release|Any CPU.ActiveCfg = Release|Any CPU
		{DE23EEF6-EE66-42DE-81B0-890B3A77B83C}.Release|Any CPU.Build.0 = Release|Any CPU
		{DE23EEF6-EE66-42DE-81B0-890B3A77B83C}.Release|x86.ActiveCfg = Release|x86
		{DE23EEF6-EE66-42DE-81B0-890B3A77B83C}.Release|x86.Build.0 = Release|x86
		{43A322EE-37D2-4B13-BA16-023E88772F8D}.Debug|Any CPU.ActiveCfg = Debug|Any CPU
		{43A322EE-37D2-4B13-BA16-023E88772F8D}.Debug|Any CPU.Build.0 = Debug|Any CPU
		{43A322EE-37D2-4B13-BA16-023E88772F8D}.Debug|x86.ActiveCfg = Debug|x86
		{43A322EE-37D2-4B13-BA16-023E88772F8D}.Debug|x86.Build.0 = Debug|x86
		{43A322EE-37D2-4B13-BA16-023E88772F8D}.Mono|Any CPU.ActiveCfg = Mono|Any CPU
		{43A322EE-37D2-4B13-BA16-023E88772F8D}.Mono|Any CPU.Build.0 = Mono|Any CPU
		{43A322EE-37D2-4B13-BA16-023E88772F8D}.Mono|x86.ActiveCfg = Release|Any CPU
		{43A322EE-37D2-4B13-BA16-023E88772F8D}.Release|Any CPU.ActiveCfg = Release|Any CPU
		{43A322EE-37D2-4B13-BA16-023E88772F8D}.Release|Any CPU.Build.0 = Release|Any CPU
		{43A322EE-37D2-4B13-BA16-023E88772F8D}.Release|x86.ActiveCfg = Release|x86
		{43A322EE-37D2-4B13-BA16-023E88772F8D}.Release|x86.Build.0 = Release|x86
		{B3FBA8D6-7C89-4FE9-8E90-F617604A7C3C}.Debug|Any CPU.ActiveCfg = Debug|Any CPU
		{B3FBA8D6-7C89-4FE9-8E90-F617604A7C3C}.Debug|Any CPU.Build.0 = Debug|Any CPU
		{B3FBA8D6-7C89-4FE9-8E90-F617604A7C3C}.Debug|x86.ActiveCfg = Debug|x86
		{B3FBA8D6-7C89-4FE9-8E90-F617604A7C3C}.Debug|x86.Build.0 = Debug|x86
		{B3FBA8D6-7C89-4FE9-8E90-F617604A7C3C}.Mono|Any CPU.ActiveCfg = Mono|Any CPU
		{B3FBA8D6-7C89-4FE9-8E90-F617604A7C3C}.Mono|Any CPU.Build.0 = Mono|Any CPU
		{B3FBA8D6-7C89-4FE9-8E90-F617604A7C3C}.Mono|x86.ActiveCfg = Mono|Any CPU
		{B3FBA8D6-7C89-4FE9-8E90-F617604A7C3C}.Release|Any CPU.ActiveCfg = Release|Any CPU
		{B3FBA8D6-7C89-4FE9-8E90-F617604A7C3C}.Release|Any CPU.Build.0 = Release|Any CPU
		{B3FBA8D6-7C89-4FE9-8E90-F617604A7C3C}.Release|x86.ActiveCfg = Release|x86
		{B3FBA8D6-7C89-4FE9-8E90-F617604A7C3C}.Release|x86.Build.0 = Release|x86
		{74B3264B-4740-4C2F-9DCB-373FDCD3A848}.Debug|Any CPU.ActiveCfg = Debug|Any CPU
		{74B3264B-4740-4C2F-9DCB-373FDCD3A848}.Debug|Any CPU.Build.0 = Debug|Any CPU
		{74B3264B-4740-4C2F-9DCB-373FDCD3A848}.Debug|x86.ActiveCfg = Debug|x86
		{74B3264B-4740-4C2F-9DCB-373FDCD3A848}.Debug|x86.Build.0 = Debug|x86
		{74B3264B-4740-4C2F-9DCB-373FDCD3A848}.Mono|Any CPU.ActiveCfg = Mono|Any CPU
		{74B3264B-4740-4C2F-9DCB-373FDCD3A848}.Mono|Any CPU.Build.0 = Mono|Any CPU
		{74B3264B-4740-4C2F-9DCB-373FDCD3A848}.Mono|x86.ActiveCfg = Mono|Any CPU
		{74B3264B-4740-4C2F-9DCB-373FDCD3A848}.Release|Any CPU.ActiveCfg = Release|Any CPU
		{74B3264B-4740-4C2F-9DCB-373FDCD3A848}.Release|Any CPU.Build.0 = Release|Any CPU
		{74B3264B-4740-4C2F-9DCB-373FDCD3A848}.Release|x86.ActiveCfg = Release|x86
		{74B3264B-4740-4C2F-9DCB-373FDCD3A848}.Release|x86.Build.0 = Release|x86
		{9B93C212-786C-45C9-9B90-8CEFD24EF19D}.Debug|Any CPU.ActiveCfg = Debug|Any CPU
		{9B93C212-786C-45C9-9B90-8CEFD24EF19D}.Debug|Any CPU.Build.0 = Debug|Any CPU
		{9B93C212-786C-45C9-9B90-8CEFD24EF19D}.Debug|x86.ActiveCfg = Debug|x86
		{9B93C212-786C-45C9-9B90-8CEFD24EF19D}.Debug|x86.Build.0 = Debug|x86
		{9B93C212-786C-45C9-9B90-8CEFD24EF19D}.Mono|Any CPU.ActiveCfg = Mono|Any CPU
		{9B93C212-786C-45C9-9B90-8CEFD24EF19D}.Mono|Any CPU.Build.0 = Mono|Any CPU
		{9B93C212-786C-45C9-9B90-8CEFD24EF19D}.Mono|x86.ActiveCfg = Mono|Any CPU
		{9B93C212-786C-45C9-9B90-8CEFD24EF19D}.Release|Any CPU.ActiveCfg = Release|Any CPU
		{9B93C212-786C-45C9-9B90-8CEFD24EF19D}.Release|Any CPU.Build.0 = Release|Any CPU
		{9B93C212-786C-45C9-9B90-8CEFD24EF19D}.Release|x86.ActiveCfg = Release|x86
		{9B93C212-786C-45C9-9B90-8CEFD24EF19D}.Release|x86.Build.0 = Release|x86
		{7B0EEB2B-6F25-4D59-A15D-F39EA9DC94D3}.Debug|Any CPU.ActiveCfg = Debug|Any CPU
		{7B0EEB2B-6F25-4D59-A15D-F39EA9DC94D3}.Debug|Any CPU.Build.0 = Debug|Any CPU
		{7B0EEB2B-6F25-4D59-A15D-F39EA9DC94D3}.Debug|x86.ActiveCfg = Debug|x86
		{7B0EEB2B-6F25-4D59-A15D-F39EA9DC94D3}.Debug|x86.Build.0 = Debug|x86
		{7B0EEB2B-6F25-4D59-A15D-F39EA9DC94D3}.Mono|Any CPU.ActiveCfg = Mono|Any CPU
		{7B0EEB2B-6F25-4D59-A15D-F39EA9DC94D3}.Mono|Any CPU.Build.0 = Mono|Any CPU
		{7B0EEB2B-6F25-4D59-A15D-F39EA9DC94D3}.Mono|x86.ActiveCfg = Mono|Any CPU
		{7B0EEB2B-6F25-4D59-A15D-F39EA9DC94D3}.Release|Any CPU.ActiveCfg = Release|Any CPU
		{7B0EEB2B-6F25-4D59-A15D-F39EA9DC94D3}.Release|Any CPU.Build.0 = Release|Any CPU
		{7B0EEB2B-6F25-4D59-A15D-F39EA9DC94D3}.Release|x86.ActiveCfg = Release|x86
		{7B0EEB2B-6F25-4D59-A15D-F39EA9DC94D3}.Release|x86.Build.0 = Release|x86
		{7D81CF8E-6F49-4AF8-B039-9C3210140194}.Debug|Any CPU.ActiveCfg = Debug|Any CPU
		{7D81CF8E-6F49-4AF8-B039-9C3210140194}.Debug|Any CPU.Build.0 = Debug|Any CPU
		{7D81CF8E-6F49-4AF8-B039-9C3210140194}.Debug|x86.ActiveCfg = Debug|x86
		{7D81CF8E-6F49-4AF8-B039-9C3210140194}.Debug|x86.Build.0 = Debug|x86
		{7D81CF8E-6F49-4AF8-B039-9C3210140194}.Mono|Any CPU.ActiveCfg = Mono|Any CPU
		{7D81CF8E-6F49-4AF8-B039-9C3210140194}.Mono|Any CPU.Build.0 = Mono|Any CPU
		{7D81CF8E-6F49-4AF8-B039-9C3210140194}.Mono|x86.ActiveCfg = Release|Any CPU
		{7D81CF8E-6F49-4AF8-B039-9C3210140194}.Release|Any CPU.ActiveCfg = Release|Any CPU
		{7D81CF8E-6F49-4AF8-B039-9C3210140194}.Release|Any CPU.Build.0 = Release|Any CPU
		{7D81CF8E-6F49-4AF8-B039-9C3210140194}.Release|x86.ActiveCfg = Release|x86
		{7D81CF8E-6F49-4AF8-B039-9C3210140194}.Release|x86.Build.0 = Release|x86
		{2C42B95F-A58A-413D-97E2-1968C087C472}.Debug|Any CPU.ActiveCfg = Debug|Any CPU
		{2C42B95F-A58A-413D-97E2-1968C087C472}.Debug|Any CPU.Build.0 = Debug|Any CPU
		{2C42B95F-A58A-413D-97E2-1968C087C472}.Debug|x86.ActiveCfg = Debug|x86
		{2C42B95F-A58A-413D-97E2-1968C087C472}.Debug|x86.Build.0 = Debug|x86
		{2C42B95F-A58A-413D-97E2-1968C087C472}.Mono|Any CPU.ActiveCfg = Mono|Any CPU
		{2C42B95F-A58A-413D-97E2-1968C087C472}.Mono|Any CPU.Build.0 = Mono|Any CPU
		{2C42B95F-A58A-413D-97E2-1968C087C472}.Mono|x86.ActiveCfg = Release|Any CPU
		{2C42B95F-A58A-413D-97E2-1968C087C472}.Release|Any CPU.ActiveCfg = Release|Any CPU
		{2C42B95F-A58A-413D-97E2-1968C087C472}.Release|Any CPU.Build.0 = Release|Any CPU
		{2C42B95F-A58A-413D-97E2-1968C087C472}.Release|x86.ActiveCfg = Release|x86
		{2C42B95F-A58A-413D-97E2-1968C087C472}.Release|x86.Build.0 = Release|x86
		{26F261F8-8660-46D3-8090-BCDA9EFF5427}.Debug|Any CPU.ActiveCfg = Debug|Any CPU
		{26F261F8-8660-46D3-8090-BCDA9EFF5427}.Debug|Any CPU.Build.0 = Debug|Any CPU
		{26F261F8-8660-46D3-8090-BCDA9EFF5427}.Debug|x86.ActiveCfg = Debug|x86
		{26F261F8-8660-46D3-8090-BCDA9EFF5427}.Debug|x86.Build.0 = Debug|x86
		{26F261F8-8660-46D3-8090-BCDA9EFF5427}.Mono|Any CPU.ActiveCfg = Mono|Any CPU
		{26F261F8-8660-46D3-8090-BCDA9EFF5427}.Mono|x86.ActiveCfg = Release|Any CPU
		{26F261F8-8660-46D3-8090-BCDA9EFF5427}.Release|Any CPU.ActiveCfg = Release|Any CPU
		{26F261F8-8660-46D3-8090-BCDA9EFF5427}.Release|Any CPU.Build.0 = Release|Any CPU
		{26F261F8-8660-46D3-8090-BCDA9EFF5427}.Release|x86.ActiveCfg = Release|x86
		{26F261F8-8660-46D3-8090-BCDA9EFF5427}.Release|x86.Build.0 = Release|x86
		{1B3CA936-9D8A-4B40-8B08-E98AA2375E69}.Debug|Any CPU.ActiveCfg = Debug|Any CPU
		{1B3CA936-9D8A-4B40-8B08-E98AA2375E69}.Debug|Any CPU.Build.0 = Debug|Any CPU
		{1B3CA936-9D8A-4B40-8B08-E98AA2375E69}.Debug|x86.ActiveCfg = Debug|x86
		{1B3CA936-9D8A-4B40-8B08-E98AA2375E69}.Debug|x86.Build.0 = Debug|x86
		{1B3CA936-9D8A-4B40-8B08-E98AA2375E69}.Mono|Any CPU.ActiveCfg = Release|Any CPU
		{1B3CA936-9D8A-4B40-8B08-E98AA2375E69}.Mono|x86.ActiveCfg = Release|Any CPU
		{1B3CA936-9D8A-4B40-8B08-E98AA2375E69}.Release|Any CPU.ActiveCfg = Release|Any CPU
		{1B3CA936-9D8A-4B40-8B08-E98AA2375E69}.Release|Any CPU.Build.0 = Release|Any CPU
		{1B3CA936-9D8A-4B40-8B08-E98AA2375E69}.Release|x86.ActiveCfg = Release|x86
		{1B3CA936-9D8A-4B40-8B08-E98AA2375E69}.Release|x86.Build.0 = Release|x86
		{252A5667-C00C-4427-A5E8-2EB4886877C4}.Debug|Any CPU.ActiveCfg = Debug|Any CPU
		{252A5667-C00C-4427-A5E8-2EB4886877C4}.Debug|Any CPU.Build.0 = Debug|Any CPU
		{252A5667-C00C-4427-A5E8-2EB4886877C4}.Debug|x86.ActiveCfg = Debug|x86
		{252A5667-C00C-4427-A5E8-2EB4886877C4}.Debug|x86.Build.0 = Debug|x86
		{252A5667-C00C-4427-A5E8-2EB4886877C4}.Mono|Any CPU.ActiveCfg = Mono|Any CPU
		{252A5667-C00C-4427-A5E8-2EB4886877C4}.Mono|x86.ActiveCfg = Release|Any CPU
		{252A5667-C00C-4427-A5E8-2EB4886877C4}.Release|Any CPU.ActiveCfg = Release|Any CPU
		{252A5667-C00C-4427-A5E8-2EB4886877C4}.Release|Any CPU.Build.0 = Release|Any CPU
		{252A5667-C00C-4427-A5E8-2EB4886877C4}.Release|x86.ActiveCfg = Release|x86
		{252A5667-C00C-4427-A5E8-2EB4886877C4}.Release|x86.Build.0 = Release|x86
		{3029C3DC-E302-46E5-8126-8082B6EC1C1A}.Debug|Any CPU.ActiveCfg = Debug|Any CPU
		{3029C3DC-E302-46E5-8126-8082B6EC1C1A}.Debug|Any CPU.Build.0 = Debug|Any CPU
		{3029C3DC-E302-46E5-8126-8082B6EC1C1A}.Debug|x86.ActiveCfg = Debug|x86
		{3029C3DC-E302-46E5-8126-8082B6EC1C1A}.Debug|x86.Build.0 = Debug|x86
		{3029C3DC-E302-46E5-8126-8082B6EC1C1A}.Mono|Any CPU.ActiveCfg = Release|Any CPU
		{3029C3DC-E302-46E5-8126-8082B6EC1C1A}.Mono|x86.ActiveCfg = Release|x86
		{3029C3DC-E302-46E5-8126-8082B6EC1C1A}.Mono|x86.Build.0 = Release|x86
		{3029C3DC-E302-46E5-8126-8082B6EC1C1A}.Release|Any CPU.ActiveCfg = Release|Any CPU
		{3029C3DC-E302-46E5-8126-8082B6EC1C1A}.Release|Any CPU.Build.0 = Release|Any CPU
		{3029C3DC-E302-46E5-8126-8082B6EC1C1A}.Release|x86.ActiveCfg = Release|x86
		{3029C3DC-E302-46E5-8126-8082B6EC1C1A}.Release|x86.Build.0 = Release|x86
		{FC374324-D282-49B1-A189-01339542512D}.Debug|Any CPU.ActiveCfg = Debug|Any CPU
		{FC374324-D282-49B1-A189-01339542512D}.Debug|Any CPU.Build.0 = Debug|Any CPU
		{FC374324-D282-49B1-A189-01339542512D}.Debug|x86.ActiveCfg = Debug|Any CPU
		{FC374324-D282-49B1-A189-01339542512D}.Mono|Any CPU.ActiveCfg = Release|Any CPU
		{FC374324-D282-49B1-A189-01339542512D}.Mono|Any CPU.Build.0 = Release|Any CPU
		{FC374324-D282-49B1-A189-01339542512D}.Mono|x86.ActiveCfg = Release|Any CPU
		{FC374324-D282-49B1-A189-01339542512D}.Release|Any CPU.ActiveCfg = Release|Any CPU
		{FC374324-D282-49B1-A189-01339542512D}.Release|Any CPU.Build.0 = Release|Any CPU
		{FC374324-D282-49B1-A189-01339542512D}.Release|x86.ActiveCfg = Release|Any CPU
		{BFD3BD23-FA08-4449-BEED-BDFEE0613291}.Debug|Any CPU.ActiveCfg = Debug|Any CPU
		{BFD3BD23-FA08-4449-BEED-BDFEE0613291}.Debug|Any CPU.Build.0 = Debug|Any CPU
		{BFD3BD23-FA08-4449-BEED-BDFEE0613291}.Debug|x86.ActiveCfg = Debug|x86
		{BFD3BD23-FA08-4449-BEED-BDFEE0613291}.Debug|x86.Build.0 = Debug|x86
		{BFD3BD23-FA08-4449-BEED-BDFEE0613291}.Mono|Any CPU.ActiveCfg = Mono|Any CPU
		{BFD3BD23-FA08-4449-BEED-BDFEE0613291}.Mono|Any CPU.Build.0 = Mono|Any CPU
		{BFD3BD23-FA08-4449-BEED-BDFEE0613291}.Mono|x86.ActiveCfg = Mono|Any CPU
		{BFD3BD23-FA08-4449-BEED-BDFEE0613291}.Release|Any CPU.ActiveCfg = Release|Any CPU
		{BFD3BD23-FA08-4449-BEED-BDFEE0613291}.Release|Any CPU.Build.0 = Release|Any CPU
		{BFD3BD23-FA08-4449-BEED-BDFEE0613291}.Release|x86.ActiveCfg = Release|x86
		{BFD3BD23-FA08-4449-BEED-BDFEE0613291}.Release|x86.Build.0 = Release|x86
		{CD5A5BA7-BD0A-4C9F-9403-C58B5862EBE2}.Debug|Any CPU.ActiveCfg = Mono|Any CPU
		{CD5A5BA7-BD0A-4C9F-9403-C58B5862EBE2}.Debug|x86.ActiveCfg = Mono|Any CPU
		{CD5A5BA7-BD0A-4C9F-9403-C58B5862EBE2}.Mono|Any CPU.ActiveCfg = Mono|Any CPU
		{CD5A5BA7-BD0A-4C9F-9403-C58B5862EBE2}.Mono|Any CPU.Build.0 = Mono|Any CPU
		{CD5A5BA7-BD0A-4C9F-9403-C58B5862EBE2}.Mono|x86.ActiveCfg = Mono|Any CPU
		{CD5A5BA7-BD0A-4C9F-9403-C58B5862EBE2}.Release|Any CPU.ActiveCfg = Mono|Any CPU
		{CD5A5BA7-BD0A-4C9F-9403-C58B5862EBE2}.Release|x86.ActiveCfg = Mono|Any CPU
		{018E3229-1D7C-430B-915C-BA6336E3FC04}.Debug|Any CPU.ActiveCfg = Debug|Any CPU
		{018E3229-1D7C-430B-915C-BA6336E3FC04}.Debug|x86.ActiveCfg = Debug|Any CPU
		{018E3229-1D7C-430B-915C-BA6336E3FC04}.Mono|Any CPU.ActiveCfg = Release|Any CPU
		{018E3229-1D7C-430B-915C-BA6336E3FC04}.Mono|x86.ActiveCfg = Release|Any CPU
		{018E3229-1D7C-430B-915C-BA6336E3FC04}.Release|Any CPU.ActiveCfg = Release|Any CPU
		{018E3229-1D7C-430B-915C-BA6336E3FC04}.Release|x86.ActiveCfg = Release|Any CPU
		{A86F87D9-244A-4A01-8BE9-800257EE7BC2}.Debug|Any CPU.ActiveCfg = Debug|Any CPU
		{A86F87D9-244A-4A01-8BE9-800257EE7BC2}.Debug|Any CPU.Build.0 = Debug|Any CPU
		{A86F87D9-244A-4A01-8BE9-800257EE7BC2}.Debug|x86.ActiveCfg = Debug|Any CPU
		{A86F87D9-244A-4A01-8BE9-800257EE7BC2}.Debug|x86.Build.0 = Debug|Any CPU
		{A86F87D9-244A-4A01-8BE9-800257EE7BC2}.Mono|Any CPU.ActiveCfg = Release|Any CPU
		{A86F87D9-244A-4A01-8BE9-800257EE7BC2}.Mono|Any CPU.Build.0 = Release|Any CPU
		{A86F87D9-244A-4A01-8BE9-800257EE7BC2}.Mono|x86.ActiveCfg = Release|Any CPU
		{A86F87D9-244A-4A01-8BE9-800257EE7BC2}.Mono|x86.Build.0 = Release|Any CPU
		{A86F87D9-244A-4A01-8BE9-800257EE7BC2}.Release|Any CPU.ActiveCfg = Release|Any CPU
		{A86F87D9-244A-4A01-8BE9-800257EE7BC2}.Release|Any CPU.Build.0 = Release|Any CPU
		{A86F87D9-244A-4A01-8BE9-800257EE7BC2}.Release|x86.ActiveCfg = Release|Any CPU
		{A86F87D9-244A-4A01-8BE9-800257EE7BC2}.Release|x86.Build.0 = Release|Any CPU
		{96CD89D2-30FA-49CC-9B40-10523021FEAF}.Debug|Any CPU.ActiveCfg = Debug|Any CPU
		{96CD89D2-30FA-49CC-9B40-10523021FEAF}.Debug|Any CPU.Build.0 = Debug|Any CPU
		{96CD89D2-30FA-49CC-9B40-10523021FEAF}.Debug|x86.ActiveCfg = Debug|Any CPU
		{96CD89D2-30FA-49CC-9B40-10523021FEAF}.Mono|Any CPU.ActiveCfg = Release|Any CPU
		{96CD89D2-30FA-49CC-9B40-10523021FEAF}.Mono|x86.ActiveCfg = Release|Any CPU
		{96CD89D2-30FA-49CC-9B40-10523021FEAF}.Release|Any CPU.ActiveCfg = Release|Any CPU
		{96CD89D2-30FA-49CC-9B40-10523021FEAF}.Release|Any CPU.Build.0 = Release|Any CPU
		{96CD89D2-30FA-49CC-9B40-10523021FEAF}.Release|x86.ActiveCfg = Release|Any CPU
		{73E9DACD-1815-4EF2-B856-669C5DA0CA1F}.Debug|Any CPU.ActiveCfg = Debug|Any CPU
		{73E9DACD-1815-4EF2-B856-669C5DA0CA1F}.Debug|Any CPU.Build.0 = Debug|Any CPU
		{73E9DACD-1815-4EF2-B856-669C5DA0CA1F}.Debug|x86.ActiveCfg = Debug|Any CPU
		{73E9DACD-1815-4EF2-B856-669C5DA0CA1F}.Mono|Any CPU.ActiveCfg = Release|Any CPU
		{73E9DACD-1815-4EF2-B856-669C5DA0CA1F}.Mono|x86.ActiveCfg = Release|Any CPU
		{73E9DACD-1815-4EF2-B856-669C5DA0CA1F}.Release|Any CPU.ActiveCfg = Release|Any CPU
		{73E9DACD-1815-4EF2-B856-669C5DA0CA1F}.Release|Any CPU.Build.0 = Release|Any CPU
		{73E9DACD-1815-4EF2-B856-669C5DA0CA1F}.Release|x86.ActiveCfg = Release|Any CPU
	EndGlobalSection
	GlobalSection(SolutionProperties) = preSolution
		HideSolutionNode = FALSE
	EndGlobalSection
	GlobalSection(NestedProjects) = preSolution
		{35027A69-1A76-4312-B57B-F5826F0B87AF} = {1B63485E-46C7-4185-B968-216A02396B88}
		{129F9272-157F-4A37-B0A4-0F9E5E4A0FE6} = {1B63485E-46C7-4185-B968-216A02396B88}
		{933BE44C-B124-4ACC-8BE8-A6A22AAC4413} = {1B63485E-46C7-4185-B968-216A02396B88}
		{2E8D7CE0-8816-4893-848B-05E2A38FE898} = {B3986636-8741-4D97-AE46-2A5BA1338B41}
		{C4145EB5-FEF9-4419-AC5E-31D4F23AD311} = {06BCB1F6-1992-4B1B-A98F-4F4EA04441B5}
		{A8861372-0FE2-45E5-9DED-73B55AC4196C} = {198CE128-2E28-4591-91C1-C83176C3BE51}
		{AD054F7A-C944-4BA3-8CD8-CA275184BD33} = {51797AFD-D313-4E14-A3E9-531F28C698C2}
		{A04A48C2-112D-4EE3-A6B0-3784A1315BCF} = {2E8D7CE0-8816-4893-848B-05E2A38FE898}
		{374F5805-28DB-4BCA-8062-BF802793BD4F} = {2E8D7CE0-8816-4893-848B-05E2A38FE898}
		{383F4F83-8228-4B9A-9757-250043B6E30B} = {06BCB1F6-1992-4B1B-A98F-4F4EA04441B5}
		{1FEC4033-C80F-4CF1-835C-BBEE0E7F6803} = {06BCB1F6-1992-4B1B-A98F-4F4EA04441B5}
		{AF33B063-D523-493E-951A-29C930A49002} = {51797AFD-D313-4E14-A3E9-531F28C698C2}
		{69846364-E3F5-4086-B9FE-D447BB7E56C3} = {2E8D7CE0-8816-4893-848B-05E2A38FE898}
		{3F0B62F6-99B8-4F57-8C58-0B4B862358EA} = {917EA50B-D09B-4B96-B8DD-5D91C7DFBF38}
		{FF3FCBA6-F01A-4EC2-BC3F-6BA832AFCF88} = {D7805B20-D771-4546-90DD-CD98C4BA4436}
		{2B2EB9BE-E6A9-406F-BFE6-FF46DD6BD264} = {D7805B20-D771-4546-90DD-CD98C4BA4436}
		{4060E729-EFFD-4E50-A0D5-99C0990EF7DA} = {D7805B20-D771-4546-90DD-CD98C4BA4436}
		{C4524980-9901-4370-A49F-657761258E43} = {D7805B20-D771-4546-90DD-CD98C4BA4436}
		{0622C318-5032-4D56-BB71-5CE64B502FB0} = {D7805B20-D771-4546-90DD-CD98C4BA4436}
		{2E23E926-CF64-4607-BDE1-1B2FC76F4919} = {D7805B20-D771-4546-90DD-CD98C4BA4436}
		{412F9F59-D9B9-4C8E-96D2-20492644198C} = {B3986636-8741-4D97-AE46-2A5BA1338B41}
		{0501C2DC-3428-4413-AE92-F0D82FF3DBBC} = {D7805B20-D771-4546-90DD-CD98C4BA4436}
		{EA70C8AA-60DE-4FFD-B1D9-B5406395B1AF} = {D7805B20-D771-4546-90DD-CD98C4BA4436}
		{7ED01B57-DD71-4A38-BB29-65D629224A12} = {AEB62271-270D-4F3E-B596-2297B382A95F}
		{5AF0D55A-30BF-46A5-8A47-FA885F56BFEF} = {AEB62271-270D-4F3E-B596-2297B382A95F}
		{0F8E8EFC-E7C7-4843-8EE6-8C7C7353892A} = {D7805B20-D771-4546-90DD-CD98C4BA4436}
		{72713097-3BE3-4FA7-97B5-7EC3A2BA8316} = {D7805B20-D771-4546-90DD-CD98C4BA4436}
		{7E1ABF87-8936-44E5-85C0-37044E0D3877} = {F3B5720A-27E0-46C7-A9E1-A91B9D18F59A}
		{B561487F-79CC-4982-848E-C12F44B4669C} = {F3B5720A-27E0-46C7-A9E1-A91B9D18F59A}
		{07016E6A-01B1-4B3D-B1D6-F9131A1BEB6E} = {1B63485E-46C7-4185-B968-216A02396B88}
		{2E9DA7CC-960A-40A6-BC90-1FBD7B7994F0} = {1B63485E-46C7-4185-B968-216A02396B88}
		{3FD4D092-3E0F-41C1-BE8A-E0A924E76039} = {CD3C7F74-B7F2-422F-8417-1E9045155352}
		{B4B5A12E-412E-4382-B991-3B67653F533C} = {F68BED5B-410C-4D02-87C0-8AC74E374821}
		{54CA98CC-2F0A-41F2-879D-0E42B17E8544} = {7FB89A9F-D6FD-46CD-960A-7A9E90D82C2C}
		{5E1CD41C-6CB0-45D1-AA73-191A36028CE7} = {51797AFD-D313-4E14-A3E9-531F28C698C2}
		{8A1BCFAA-19E8-408A-8C72-170B1211DC27} = {CD3C7F74-B7F2-422F-8417-1E9045155352}
		{40FACE0F-06DF-474C-A87C-59C8EAC0B3F8} = {198CE128-2E28-4591-91C1-C83176C3BE51}
		{B74CF4DA-2972-489B-AF08-419560EE57EF} = {51797AFD-D313-4E14-A3E9-531F28C698C2}
		{C4F3C41D-D76A-4283-8732-681B67B7AD74} = {51797AFD-D313-4E14-A3E9-531F28C698C2}
		{E349DD08-3707-4542-8ED3-BB9E106FE6FB} = {1B63485E-46C7-4185-B968-216A02396B88}
		{8BDA86DB-B944-4880-9D97-E4FF04577C03} = {CD3C7F74-B7F2-422F-8417-1E9045155352}
		{08F5CCE4-10C4-477C-B5C9-37F7D49748BC} = {198CE128-2E28-4591-91C1-C83176C3BE51}
		{A818C4B5-52B5-4E12-917E-4854C9AB4EF3} = {4F46CF24-163D-4541-9EBF-C291053C0948}
		{57261E91-7636-4F92-8D93-744A4AAD7EB0} = {4F46CF24-163D-4541-9EBF-C291053C0948}
		{94F36768-E9A0-4783-BB0F-8C2C1771352E} = {AEB62271-270D-4F3E-B596-2297B382A95F}
		{134819C5-C1BB-4ED1-BE23-49AB5FB33744} = {AEB62271-270D-4F3E-B596-2297B382A95F}
		{DE23EEF6-EE66-42DE-81B0-890B3A77B83C} = {D7805B20-D771-4546-90DD-CD98C4BA4436}
		{43A322EE-37D2-4B13-BA16-023E88772F8D} = {198CE128-2E28-4591-91C1-C83176C3BE51}
		{B3FBA8D6-7C89-4FE9-8E90-F617604A7C3C} = {E4120DD8-64F7-4D60-8B41-F2FDC27CC708}
		{74B3264B-4740-4C2F-9DCB-373FDCD3A848} = {7FB89A9F-D6FD-46CD-960A-7A9E90D82C2C}
		{9B93C212-786C-45C9-9B90-8CEFD24EF19D} = {F68BED5B-410C-4D02-87C0-8AC74E374821}
		{7B0EEB2B-6F25-4D59-A15D-F39EA9DC94D3} = {198CE128-2E28-4591-91C1-C83176C3BE51}
		{7D81CF8E-6F49-4AF8-B039-9C3210140194} = {1B63485E-46C7-4185-B968-216A02396B88}
		{2C42B95F-A58A-413D-97E2-1968C087C472} = {F68BED5B-410C-4D02-87C0-8AC74E374821}
		{26F261F8-8660-46D3-8090-BCDA9EFF5427} = {917EA50B-D09B-4B96-B8DD-5D91C7DFBF38}
		{1B3CA936-9D8A-4B40-8B08-E98AA2375E69} = {1B63485E-46C7-4185-B968-216A02396B88}
		{252A5667-C00C-4427-A5E8-2EB4886877C4} = {1B63485E-46C7-4185-B968-216A02396B88}
		{3029C3DC-E302-46E5-8126-8082B6EC1C1A} = {1B63485E-46C7-4185-B968-216A02396B88}
		{F3B5720A-27E0-46C7-A9E1-A91B9D18F59A} = {B3986636-8741-4D97-AE46-2A5BA1338B41}
		{78C67B09-D6EB-4A79-A591-47146025A277} = {D7805B20-D771-4546-90DD-CD98C4BA4436}
		{F68BED5B-410C-4D02-87C0-8AC74E374821} = {78C67B09-D6EB-4A79-A591-47146025A277}
		{7FB89A9F-D6FD-46CD-960A-7A9E90D82C2C} = {78C67B09-D6EB-4A79-A591-47146025A277}
		{99F344EA-D35D-42C8-882B-B495527B5F40} = {D7805B20-D771-4546-90DD-CD98C4BA4436}
		{4F46CF24-163D-4541-9EBF-C291053C0948} = {99F344EA-D35D-42C8-882B-B495527B5F40}
		{AEB62271-270D-4F3E-B596-2297B382A95F} = {99F344EA-D35D-42C8-882B-B495527B5F40}
		{1B63485E-46C7-4185-B968-216A02396B88} = {0C19430B-01AC-4184-ACDA-6DE690649CD8}
		{B3986636-8741-4D97-AE46-2A5BA1338B41} = {D7805B20-D771-4546-90DD-CD98C4BA4436}
		{51797AFD-D313-4E14-A3E9-531F28C698C2} = {2E8D7CE0-8816-4893-848B-05E2A38FE898}
		{CD3C7F74-B7F2-422F-8417-1E9045155352} = {2E8D7CE0-8816-4893-848B-05E2A38FE898}
		{917EA50B-D09B-4B96-B8DD-5D91C7DFBF38} = {2E8D7CE0-8816-4893-848B-05E2A38FE898}
		{06BCB1F6-1992-4B1B-A98F-4F4EA04441B5} = {2E8D7CE0-8816-4893-848B-05E2A38FE898}
		{198CE128-2E28-4591-91C1-C83176C3BE51} = {2E8D7CE0-8816-4893-848B-05E2A38FE898}
		{E4120DD8-64F7-4D60-8B41-F2FDC27CC708} = {78C67B09-D6EB-4A79-A591-47146025A277}
		{FC374324-D282-49B1-A189-01339542512D} = {CD3C7F74-B7F2-422F-8417-1E9045155352}
		{BFD3BD23-FA08-4449-BEED-BDFEE0613291} = {F68BED5B-410C-4D02-87C0-8AC74E374821}
		{CD5A5BA7-BD0A-4C9F-9403-C58B5862EBE2} = {1B63485E-46C7-4185-B968-216A02396B88}
		{018E3229-1D7C-430B-915C-BA6336E3FC04} = {4E8D127B-DBEE-4B5F-9620-5ADC4E3C6EB3}
		{A86F87D9-244A-4A01-8BE9-800257EE7BC2} = {2E8D7CE0-8816-4893-848B-05E2A38FE898}
		{96CD89D2-30FA-49CC-9B40-10523021FEAF} = {51797AFD-D313-4E14-A3E9-531F28C698C2}
		{73E9DACD-1815-4EF2-B856-669C5DA0CA1F} = {51797AFD-D313-4E14-A3E9-531F28C698C2}
	EndGlobalSection
	GlobalSection(TestCaseManagementSettings) = postSolution
		CategoryFile = GSF.Core.Tests.vsmdi
	EndGlobalSection
EndGlobal
